// !$*UTF8*$!
{
	archiveVersion = 1;
	classes = {
	};
	objectVersion = 46;
	objects = {

/* Begin PBXBuildFile section */
		212F50CC1D40A65E001CBA91 /* main.m in Sources */ = {isa = PBXBuildFile; fileRef = 212F50CB1D40A65E001CBA91 /* main.m */; };
		212F50CF1D40A65E001CBA91 /* AppDelegate.m in Sources */ = {isa = PBXBuildFile; fileRef = 212F50CE1D40A65E001CBA91 /* AppDelegate.m */; };
		212F50D71D40A65E001CBA91 /* Assets.xcassets in Resources */ = {isa = PBXBuildFile; fileRef = 212F50D61D40A65E001CBA91 /* Assets.xcassets */; };
		212F50DA1D40A65E001CBA91 /* LaunchScreen.storyboard in Resources */ = {isa = PBXBuildFile; fileRef = 212F50D81D40A65E001CBA91 /* LaunchScreen.storyboard */; };
		212F50E51D40A65E001CBA91 /* BWUserInterfaceTests.m in Sources */ = {isa = PBXBuildFile; fileRef = 212F50E41D40A65E001CBA91 /* BWUserInterfaceTests.m */; };
		212F50F01D40A65E001CBA91 /* BWUserInterfaceUITests.m in Sources */ = {isa = PBXBuildFile; fileRef = 212F50EF1D40A65E001CBA91 /* BWUserInterfaceUITests.m */; };
		212F51221D40A771001CBA91 /* BWBaseViewController.m in Sources */ = {isa = PBXBuildFile; fileRef = 212F51001D40A771001CBA91 /* BWBaseViewController.m */; };
		212F51231D40A771001CBA91 /* BWMainViewController.m in Sources */ = {isa = PBXBuildFile; fileRef = 212F51041D40A771001CBA91 /* BWMainViewController.m */; };
		212F51241D40A771001CBA91 /* BWMainViewController.xib in Resources */ = {isa = PBXBuildFile; fileRef = 212F51051D40A771001CBA91 /* BWMainViewController.xib */; };
		212F51251D40A771001CBA91 /* BWXibViewController.m in Sources */ = {isa = PBXBuildFile; fileRef = 212F510A1D40A771001CBA91 /* BWXibViewController.m */; };
		212F51261D40A771001CBA91 /* BWXibViewController.xib in Resources */ = {isa = PBXBuildFile; fileRef = 212F510B1D40A771001CBA91 /* BWXibViewController.xib */; };
		212F51271D40A771001CBA91 /* BWXibLoginedViewController.m in Sources */ = {isa = PBXBuildFile; fileRef = 212F510E1D40A771001CBA91 /* BWXibLoginedViewController.m */; };
		212F51281D40A771001CBA91 /* BWXibLoginedViewController.xib in Resources */ = {isa = PBXBuildFile; fileRef = 212F510F1D40A771001CBA91 /* BWXibLoginedViewController.xib */; };
		212F51291D40A771001CBA91 /* BWXibLoginRegisterViewController.m in Sources */ = {isa = PBXBuildFile; fileRef = 212F51111D40A771001CBA91 /* BWXibLoginRegisterViewController.m */; };
		212F512A1D40A771001CBA91 /* BWXibLoginRegisterViewController.xib in Resources */ = {isa = PBXBuildFile; fileRef = 212F51121D40A771001CBA91 /* BWXibLoginRegisterViewController.xib */; };
		212F512B1D40A771001CBA91 /* BWXibRegisterView.m in Sources */ = {isa = PBXBuildFile; fileRef = 212F51141D40A771001CBA91 /* BWXibRegisterView.m */; };
		212F512C1D40A771001CBA91 /* BWXibRegisterView.xib in Resources */ = {isa = PBXBuildFile; fileRef = 212F51151D40A771001CBA91 /* BWXibRegisterView.xib */; };
		212F512D1D40A771001CBA91 /* BWXibRegisterViewController.m in Sources */ = {isa = PBXBuildFile; fileRef = 212F51171D40A771001CBA91 /* BWXibRegisterViewController.m */; };
		212F512E1D40A771001CBA91 /* BWXibRegisterViewController.xib in Resources */ = {isa = PBXBuildFile; fileRef = 212F51181D40A771001CBA91 /* BWXibRegisterViewController.xib */; };
		212F512F1D40A771001CBA91 /* BWXibResearchViewController.m in Sources */ = {isa = PBXBuildFile; fileRef = 212F511C1D40A771001CBA91 /* BWXibResearchViewController.m */; };
		212F51301D40A771001CBA91 /* BWXibResearchViewController.xib in Resources */ = {isa = PBXBuildFile; fileRef = 212F511D1D40A771001CBA91 /* BWXibResearchViewController.xib */; };
		212F51311D40A771001CBA91 /* BWWashClothesViewController.m in Sources */ = {isa = PBXBuildFile; fileRef = 212F51201D40A771001CBA91 /* BWWashClothesViewController.m */; };
		212F51321D40A771001CBA91 /* BWWashClothesViewController.xib in Resources */ = {isa = PBXBuildFile; fileRef = 212F51211D40A771001CBA91 /* BWWashClothesViewController.xib */; };
		54E37811F1C1CDE453978C69 /* libPods-BWUserInterface.a in Frameworks */ = {isa = PBXBuildFile; fileRef = A42971F9B96251D62AB14EA3 /* libPods-BWUserInterface.a */; };
		B443A1671D5476E7003D66C5 /* Main.storyboard in Resources */ = {isa = PBXBuildFile; fileRef = B443A1661D5476E7003D66C5 /* Main.storyboard */; };
/* End PBXBuildFile section */

/* Begin PBXContainerItemProxy section */
		212F50E11D40A65E001CBA91 /* PBXContainerItemProxy */ = {
			isa = PBXContainerItemProxy;
			containerPortal = 212F50BF1D40A65D001CBA91 /* Project object */;
			proxyType = 1;
			remoteGlobalIDString = 212F50C61D40A65E001CBA91;
			remoteInfo = BWUserInterface;
		};
		212F50EC1D40A65E001CBA91 /* PBXContainerItemProxy */ = {
			isa = PBXContainerItemProxy;
			containerPortal = 212F50BF1D40A65D001CBA91 /* Project object */;
			proxyType = 1;
			remoteGlobalIDString = 212F50C61D40A65E001CBA91;
			remoteInfo = BWUserInterface;
		};
/* End PBXContainerItemProxy section */

/* Begin PBXFileReference section */
		187B1ED9BC55EDD997DE72C5 /* libPods-BWUserInterfaceUITests.a */ = {isa = PBXFileReference; explicitFileType = archive.ar; includeInIndex = 0; path = "libPods-BWUserInterfaceUITests.a"; sourceTree = BUILT_PRODUCTS_DIR; };
		212F50C71D40A65E001CBA91 /* BWUserInterface.app */ = {isa = PBXFileReference; explicitFileType = wrapper.application; includeInIndex = 0; path = BWUserInterface.app; sourceTree = BUILT_PRODUCTS_DIR; };
		212F50CB1D40A65E001CBA91 /* main.m */ = {isa = PBXFileReference; lastKnownFileType = sourcecode.c.objc; path = main.m; sourceTree = "<group>"; };
		212F50CD1D40A65E001CBA91 /* AppDelegate.h */ = {isa = PBXFileReference; lastKnownFileType = sourcecode.c.h; path = AppDelegate.h; sourceTree = "<group>"; };
		212F50CE1D40A65E001CBA91 /* AppDelegate.m */ = {isa = PBXFileReference; lastKnownFileType = sourcecode.c.objc; path = AppDelegate.m; sourceTree = "<group>"; };
		212F50D61D40A65E001CBA91 /* Assets.xcassets */ = {isa = PBXFileReference; lastKnownFileType = folder.assetcatalog; path = Assets.xcassets; sourceTree = "<group>"; };
		212F50D91D40A65E001CBA91 /* Base */ = {isa = PBXFileReference; lastKnownFileType = file.storyboard; name = Base; path = Base.lproj/LaunchScreen.storyboard; sourceTree = "<group>"; };
		212F50DB1D40A65E001CBA91 /* Info.plist */ = {isa = PBXFileReference; lastKnownFileType = text.plist.xml; path = Info.plist; sourceTree = "<group>"; };
		212F50E01D40A65E001CBA91 /* BWUserInterfaceTests.xctest */ = {isa = PBXFileReference; explicitFileType = wrapper.cfbundle; includeInIndex = 0; path = BWUserInterfaceTests.xctest; sourceTree = BUILT_PRODUCTS_DIR; };
		212F50E41D40A65E001CBA91 /* BWUserInterfaceTests.m */ = {isa = PBXFileReference; lastKnownFileType = sourcecode.c.objc; path = BWUserInterfaceTests.m; sourceTree = "<group>"; };
		212F50E61D40A65E001CBA91 /* Info.plist */ = {isa = PBXFileReference; lastKnownFileType = text.plist.xml; path = Info.plist; sourceTree = "<group>"; };
		212F50EB1D40A65E001CBA91 /* BWUserInterfaceUITests.xctest */ = {isa = PBXFileReference; explicitFileType = wrapper.cfbundle; includeInIndex = 0; path = BWUserInterfaceUITests.xctest; sourceTree = BUILT_PRODUCTS_DIR; };
		212F50EF1D40A65E001CBA91 /* BWUserInterfaceUITests.m */ = {isa = PBXFileReference; lastKnownFileType = sourcecode.c.objc; path = BWUserInterfaceUITests.m; sourceTree = "<group>"; };
		212F50F11D40A65E001CBA91 /* Info.plist */ = {isa = PBXFileReference; lastKnownFileType = text.plist.xml; path = Info.plist; sourceTree = "<group>"; };
		212F50FF1D40A771001CBA91 /* BWBaseViewController.h */ = {isa = PBXFileReference; fileEncoding = 4; lastKnownFileType = sourcecode.c.h; path = BWBaseViewController.h; sourceTree = "<group>"; };
		212F51001D40A771001CBA91 /* BWBaseViewController.m */ = {isa = PBXFileReference; fileEncoding = 4; lastKnownFileType = sourcecode.c.objc; path = BWBaseViewController.m; sourceTree = "<group>"; };
		212F51031D40A771001CBA91 /* BWMainViewController.h */ = {isa = PBXFileReference; fileEncoding = 4; lastKnownFileType = sourcecode.c.h; path = BWMainViewController.h; sourceTree = "<group>"; };
		212F51041D40A771001CBA91 /* BWMainViewController.m */ = {isa = PBXFileReference; fileEncoding = 4; lastKnownFileType = sourcecode.c.objc; path = BWMainViewController.m; sourceTree = "<group>"; };
		212F51051D40A771001CBA91 /* BWMainViewController.xib */ = {isa = PBXFileReference; fileEncoding = 4; lastKnownFileType = file.xib; path = BWMainViewController.xib; sourceTree = "<group>"; };
		212F51091D40A771001CBA91 /* BWXibViewController.h */ = {isa = PBXFileReference; fileEncoding = 4; lastKnownFileType = sourcecode.c.h; path = BWXibViewController.h; sourceTree = "<group>"; };
		212F510A1D40A771001CBA91 /* BWXibViewController.m */ = {isa = PBXFileReference; fileEncoding = 4; lastKnownFileType = sourcecode.c.objc; path = BWXibViewController.m; sourceTree = "<group>"; };
		212F510B1D40A771001CBA91 /* BWXibViewController.xib */ = {isa = PBXFileReference; fileEncoding = 4; lastKnownFileType = file.xib; path = BWXibViewController.xib; sourceTree = "<group>"; };
		212F510D1D40A771001CBA91 /* BWXibLoginedViewController.h */ = {isa = PBXFileReference; fileEncoding = 4; lastKnownFileType = sourcecode.c.h; path = BWXibLoginedViewController.h; sourceTree = "<group>"; };
		212F510E1D40A771001CBA91 /* BWXibLoginedViewController.m */ = {isa = PBXFileReference; fileEncoding = 4; lastKnownFileType = sourcecode.c.objc; path = BWXibLoginedViewController.m; sourceTree = "<group>"; };
		212F510F1D40A771001CBA91 /* BWXibLoginedViewController.xib */ = {isa = PBXFileReference; fileEncoding = 4; lastKnownFileType = file.xib; path = BWXibLoginedViewController.xib; sourceTree = "<group>"; };
		212F51101D40A771001CBA91 /* BWXibLoginRegisterViewController.h */ = {isa = PBXFileReference; fileEncoding = 4; lastKnownFileType = sourcecode.c.h; path = BWXibLoginRegisterViewController.h; sourceTree = "<group>"; };
		212F51111D40A771001CBA91 /* BWXibLoginRegisterViewController.m */ = {isa = PBXFileReference; fileEncoding = 4; lastKnownFileType = sourcecode.c.objc; path = BWXibLoginRegisterViewController.m; sourceTree = "<group>"; };
		212F51121D40A771001CBA91 /* BWXibLoginRegisterViewController.xib */ = {isa = PBXFileReference; fileEncoding = 4; lastKnownFileType = file.xib; path = BWXibLoginRegisterViewController.xib; sourceTree = "<group>"; };
		212F51131D40A771001CBA91 /* BWXibRegisterView.h */ = {isa = PBXFileReference; fileEncoding = 4; lastKnownFileType = sourcecode.c.h; path = BWXibRegisterView.h; sourceTree = "<group>"; };
		212F51141D40A771001CBA91 /* BWXibRegisterView.m */ = {isa = PBXFileReference; fileEncoding = 4; lastKnownFileType = sourcecode.c.objc; path = BWXibRegisterView.m; sourceTree = "<group>"; };
		212F51151D40A771001CBA91 /* BWXibRegisterView.xib */ = {isa = PBXFileReference; fileEncoding = 4; lastKnownFileType = file.xib; path = BWXibRegisterView.xib; sourceTree = "<group>"; };
		212F51161D40A771001CBA91 /* BWXibRegisterViewController.h */ = {isa = PBXFileReference; fileEncoding = 4; lastKnownFileType = sourcecode.c.h; path = BWXibRegisterViewController.h; sourceTree = "<group>"; };
		212F51171D40A771001CBA91 /* BWXibRegisterViewController.m */ = {isa = PBXFileReference; fileEncoding = 4; lastKnownFileType = sourcecode.c.objc; path = BWXibRegisterViewController.m; sourceTree = "<group>"; };
		212F51181D40A771001CBA91 /* BWXibRegisterViewController.xib */ = {isa = PBXFileReference; fileEncoding = 4; lastKnownFileType = file.xib; path = BWXibRegisterViewController.xib; sourceTree = "<group>"; };
		212F511B1D40A771001CBA91 /* BWXibResearchViewController.h */ = {isa = PBXFileReference; fileEncoding = 4; lastKnownFileType = sourcecode.c.h; path = BWXibResearchViewController.h; sourceTree = "<group>"; };
		212F511C1D40A771001CBA91 /* BWXibResearchViewController.m */ = {isa = PBXFileReference; fileEncoding = 4; lastKnownFileType = sourcecode.c.objc; path = BWXibResearchViewController.m; sourceTree = "<group>"; };
		212F511D1D40A771001CBA91 /* BWXibResearchViewController.xib */ = {isa = PBXFileReference; fileEncoding = 4; lastKnownFileType = file.xib; path = BWXibResearchViewController.xib; sourceTree = "<group>"; };
		212F511F1D40A771001CBA91 /* BWWashClothesViewController.h */ = {isa = PBXFileReference; fileEncoding = 4; lastKnownFileType = sourcecode.c.h; path = BWWashClothesViewController.h; sourceTree = "<group>"; };
		212F51201D40A771001CBA91 /* BWWashClothesViewController.m */ = {isa = PBXFileReference; fileEncoding = 4; lastKnownFileType = sourcecode.c.objc; path = BWWashClothesViewController.m; sourceTree = "<group>"; };
		212F51211D40A771001CBA91 /* BWWashClothesViewController.xib */ = {isa = PBXFileReference; fileEncoding = 4; lastKnownFileType = file.xib; path = BWWashClothesViewController.xib; sourceTree = "<group>"; };
		4C78B3DE4C334D4E3A053690 /* Pods-BWUserInterface.release.xcconfig */ = {isa = PBXFileReference; includeInIndex = 1; lastKnownFileType = text.xcconfig; name = "Pods-BWUserInterface.release.xcconfig"; path = "Pods/Target Support Files/Pods-BWUserInterface/Pods-BWUserInterface.release.xcconfig"; sourceTree = "<group>"; };
		7111F1E7F9E38319E4E68053 /* Pods-BWUserInterface.debug.xcconfig */ = {isa = PBXFileReference; includeInIndex = 1; lastKnownFileType = text.xcconfig; name = "Pods-BWUserInterface.debug.xcconfig"; path = "Pods/Target Support Files/Pods-BWUserInterface/Pods-BWUserInterface.debug.xcconfig"; sourceTree = "<group>"; };
		8F67FF8CBE65CBFEC03CCC6F /* libPods-BWUserInterfaceTests.a */ = {isa = PBXFileReference; explicitFileType = archive.ar; includeInIndex = 0; path = "libPods-BWUserInterfaceTests.a"; sourceTree = BUILT_PRODUCTS_DIR; };
		A42971F9B96251D62AB14EA3 /* libPods-BWUserInterface.a */ = {isa = PBXFileReference; explicitFileType = archive.ar; includeInIndex = 0; path = "libPods-BWUserInterface.a"; sourceTree = BUILT_PRODUCTS_DIR; };
		B443A1661D5476E7003D66C5 /* Main.storyboard */ = {isa = PBXFileReference; fileEncoding = 4; lastKnownFileType = file.storyboard; path = Main.storyboard; sourceTree = "<group>"; };
/* End PBXFileReference section */

/* Begin PBXFrameworksBuildPhase section */
		212F50C41D40A65E001CBA91 /* Frameworks */ = {
			isa = PBXFrameworksBuildPhase;
			buildActionMask = 2147483647;
			files = (
				54E37811F1C1CDE453978C69 /* libPods-BWUserInterface.a in Frameworks */,
			);
			runOnlyForDeploymentPostprocessing = 0;
		};
		212F50DD1D40A65E001CBA91 /* Frameworks */ = {
			isa = PBXFrameworksBuildPhase;
			buildActionMask = 2147483647;
			files = (
			);
			runOnlyForDeploymentPostprocessing = 0;
		};
		212F50E81D40A65E001CBA91 /* Frameworks */ = {
			isa = PBXFrameworksBuildPhase;
			buildActionMask = 2147483647;
			files = (
			);
			runOnlyForDeploymentPostprocessing = 0;
		};
/* End PBXFrameworksBuildPhase section */

/* Begin PBXGroup section */
		0445A281A0566225508D5D04 /* Pods */ = {
			isa = PBXGroup;
			children = (
				7111F1E7F9E38319E4E68053 /* Pods-BWUserInterface.debug.xcconfig */,
				4C78B3DE4C334D4E3A053690 /* Pods-BWUserInterface.release.xcconfig */,
			);
			name = Pods;
			sourceTree = "<group>";
		};
		212F50BE1D40A65D001CBA91 = {
			isa = PBXGroup;
			children = (
				212F50C91D40A65E001CBA91 /* BWUserInterface */,
				212F50E31D40A65E001CBA91 /* BWUserInterfaceTests */,
				212F50EE1D40A65E001CBA91 /* BWUserInterfaceUITests */,
				212F50C81D40A65E001CBA91 /* Products */,
				0445A281A0566225508D5D04 /* Pods */,
				3C4593B7957EBB439A57D515 /* Frameworks */,
			);
			sourceTree = "<group>";
		};
		212F50C81D40A65E001CBA91 /* Products */ = {
			isa = PBXGroup;
			children = (
				212F50C71D40A65E001CBA91 /* BWUserInterface.app */,
				212F50E01D40A65E001CBA91 /* BWUserInterfaceTests.xctest */,
				212F50EB1D40A65E001CBA91 /* BWUserInterfaceUITests.xctest */,
			);
			name = Products;
			sourceTree = "<group>";
		};
		212F50C91D40A65E001CBA91 /* BWUserInterface */ = {
			isa = PBXGroup;
			children = (
				212F50CD1D40A65E001CBA91 /* AppDelegate.h */,
				212F50CE1D40A65E001CBA91 /* AppDelegate.m */,
				B443A1661D5476E7003D66C5 /* Main.storyboard */,
				212F50FD1D40A771001CBA91 /* MVC */,
				212F50D61D40A65E001CBA91 /* Assets.xcassets */,
				212F50CA1D40A65E001CBA91 /* Supporting Files */,
			);
			path = BWUserInterface;
			sourceTree = "<group>";
		};
		212F50CA1D40A65E001CBA91 /* Supporting Files */ = {
			isa = PBXGroup;
			children = (
				212F50CB1D40A65E001CBA91 /* main.m */,
				212F50DB1D40A65E001CBA91 /* Info.plist */,
				212F50D81D40A65E001CBA91 /* LaunchScreen.storyboard */,
			);
			name = "Supporting Files";
			sourceTree = "<group>";
		};
		212F50E31D40A65E001CBA91 /* BWUserInterfaceTests */ = {
			isa = PBXGroup;
			children = (
				212F50E41D40A65E001CBA91 /* BWUserInterfaceTests.m */,
				212F50E61D40A65E001CBA91 /* Info.plist */,
			);
			path = BWUserInterfaceTests;
			sourceTree = "<group>";
		};
		212F50EE1D40A65E001CBA91 /* BWUserInterfaceUITests */ = {
			isa = PBXGroup;
			children = (
				212F50EF1D40A65E001CBA91 /* BWUserInterfaceUITests.m */,
				212F50F11D40A65E001CBA91 /* Info.plist */,
			);
			path = BWUserInterfaceUITests;
			sourceTree = "<group>";
		};
		212F50FD1D40A771001CBA91 /* MVC */ = {
			isa = PBXGroup;
			children = (
				212F50FE1D40A771001CBA91 /* BaseViewController */,
				212F51021D40A771001CBA91 /* Main */,
				212F51011D40A771001CBA91 /* FrameAndAutoLayout */,
				212F51061D40A771001CBA91 /* PureCode */,
				212F51071D40A771001CBA91 /* UIStoryboard */,
				212F51081D40A771001CBA91 /* Xib */,
			);
			path = MVC;
			sourceTree = "<group>";
		};
		212F50FE1D40A771001CBA91 /* BaseViewController */ = {
			isa = PBXGroup;
			children = (
				212F50FF1D40A771001CBA91 /* BWBaseViewController.h */,
				212F51001D40A771001CBA91 /* BWBaseViewController.m */,
			);
			path = BaseViewController;
			sourceTree = "<group>";
		};
		212F51011D40A771001CBA91 /* FrameAndAutoLayout */ = {
			isa = PBXGroup;
			children = (
			);
			path = FrameAndAutoLayout;
			sourceTree = "<group>";
		};
		212F51021D40A771001CBA91 /* Main */ = {
			isa = PBXGroup;
			children = (
				212F51031D40A771001CBA91 /* BWMainViewController.h */,
				212F51041D40A771001CBA91 /* BWMainViewController.m */,
				212F51051D40A771001CBA91 /* BWMainViewController.xib */,
			);
			path = Main;
			sourceTree = "<group>";
		};
		212F51061D40A771001CBA91 /* PureCode */ = {
			isa = PBXGroup;
			children = (
			);
			path = PureCode;
			sourceTree = "<group>";
		};
		212F51071D40A771001CBA91 /* UIStoryboard */ = {
			isa = PBXGroup;
			children = (
			);
			path = UIStoryboard;
			sourceTree = "<group>";
		};
		212F51081D40A771001CBA91 /* Xib */ = {
			isa = PBXGroup;
			children = (
				212F51091D40A771001CBA91 /* BWXibViewController.h */,
				212F510A1D40A771001CBA91 /* BWXibViewController.m */,
				212F510B1D40A771001CBA91 /* BWXibViewController.xib */,
				212F510C1D40A771001CBA91 /* LoginRegister */,
				212F51191D40A771001CBA91 /* ProjectExperience */,
				212F511A1D40A771001CBA91 /* Research */,
				212F511E1D40A771001CBA91 /* SimulateWashClothes */,
			);
			path = Xib;
			sourceTree = "<group>";
		};
		212F510C1D40A771001CBA91 /* LoginRegister */ = {
			isa = PBXGroup;
			children = (
				212F510D1D40A771001CBA91 /* BWXibLoginedViewController.h */,
				212F510E1D40A771001CBA91 /* BWXibLoginedViewController.m */,
				212F510F1D40A771001CBA91 /* BWXibLoginedViewController.xib */,
				212F51101D40A771001CBA91 /* BWXibLoginRegisterViewController.h */,
				212F51111D40A771001CBA91 /* BWXibLoginRegisterViewController.m */,
				212F51121D40A771001CBA91 /* BWXibLoginRegisterViewController.xib */,
				212F51131D40A771001CBA91 /* BWXibRegisterView.h */,
				212F51141D40A771001CBA91 /* BWXibRegisterView.m */,
				212F51151D40A771001CBA91 /* BWXibRegisterView.xib */,
				212F51161D40A771001CBA91 /* BWXibRegisterViewController.h */,
				212F51171D40A771001CBA91 /* BWXibRegisterViewController.m */,
				212F51181D40A771001CBA91 /* BWXibRegisterViewController.xib */,
			);
			path = LoginRegister;
			sourceTree = "<group>";
		};
		212F51191D40A771001CBA91 /* ProjectExperience */ = {
			isa = PBXGroup;
			children = (
			);
			path = ProjectExperience;
			sourceTree = "<group>";
		};
		212F511A1D40A771001CBA91 /* Research */ = {
			isa = PBXGroup;
			children = (
				212F511B1D40A771001CBA91 /* BWXibResearchViewController.h */,
				212F511C1D40A771001CBA91 /* BWXibResearchViewController.m */,
				212F511D1D40A771001CBA91 /* BWXibResearchViewController.xib */,
			);
			path = Research;
			sourceTree = "<group>";
		};
		212F511E1D40A771001CBA91 /* SimulateWashClothes */ = {
			isa = PBXGroup;
			children = (
				212F511F1D40A771001CBA91 /* BWWashClothesViewController.h */,
				212F51201D40A771001CBA91 /* BWWashClothesViewController.m */,
				212F51211D40A771001CBA91 /* BWWashClothesViewController.xib */,
			);
			path = SimulateWashClothes;
			sourceTree = "<group>";
		};
		3C4593B7957EBB439A57D515 /* Frameworks */ = {
			isa = PBXGroup;
			children = (
				A42971F9B96251D62AB14EA3 /* libPods-BWUserInterface.a */,
				8F67FF8CBE65CBFEC03CCC6F /* libPods-BWUserInterfaceTests.a */,
				187B1ED9BC55EDD997DE72C5 /* libPods-BWUserInterfaceUITests.a */,
			);
			name = Frameworks;
			sourceTree = "<group>";
		};
/* End PBXGroup section */

/* Begin PBXNativeTarget section */
		212F50C61D40A65E001CBA91 /* BWUserInterface */ = {
			isa = PBXNativeTarget;
			buildConfigurationList = 212F50F41D40A65E001CBA91 /* Build configuration list for PBXNativeTarget "BWUserInterface" */;
			buildPhases = (
				CEBD5FD5614B409D95842B88 /* [CP] Check Pods Manifest.lock */,
				212F50C31D40A65E001CBA91 /* Sources */,
				212F50C41D40A65E001CBA91 /* Frameworks */,
				212F50C51D40A65E001CBA91 /* Resources */,
				87D5B77E89BA934DBD1B74F8 /* [CP] Embed Pods Frameworks */,
				2532E348B79F4D9D23CCA614 /* [CP] Copy Pods Resources */,
			);
			buildRules = (
			);
			dependencies = (
			);
			name = BWUserInterface;
			productName = BWUserInterface;
			productReference = 212F50C71D40A65E001CBA91 /* BWUserInterface.app */;
			productType = "com.apple.product-type.application";
		};
		212F50DF1D40A65E001CBA91 /* BWUserInterfaceTests */ = {
			isa = PBXNativeTarget;
			buildConfigurationList = 212F50F71D40A65E001CBA91 /* Build configuration list for PBXNativeTarget "BWUserInterfaceTests" */;
			buildPhases = (
				7D6A892B46191D06D1F8CB91 /* [CP] Check Pods Manifest.lock */,
				212F50DC1D40A65E001CBA91 /* Sources */,
				212F50DD1D40A65E001CBA91 /* Frameworks */,
				212F50DE1D40A65E001CBA91 /* Resources */,
				B2EB9BC1B71D3CED9388C9D4 /* [CP] Embed Pods Frameworks */,
				342E11A7076B12B4332748DD /* [CP] Copy Pods Resources */,
			);
			buildRules = (
			);
			dependencies = (
				212F50E21D40A65E001CBA91 /* PBXTargetDependency */,
			);
			name = BWUserInterfaceTests;
			productName = BWUserInterfaceTests;
			productReference = 212F50E01D40A65E001CBA91 /* BWUserInterfaceTests.xctest */;
			productType = "com.apple.product-type.bundle.unit-test";
		};
		212F50EA1D40A65E001CBA91 /* BWUserInterfaceUITests */ = {
			isa = PBXNativeTarget;
			buildConfigurationList = 212F50FA1D40A65E001CBA91 /* Build configuration list for PBXNativeTarget "BWUserInterfaceUITests" */;
			buildPhases = (
				C3FD3893EFF2920270CDFFAD /* [CP] Check Pods Manifest.lock */,
				212F50E71D40A65E001CBA91 /* Sources */,
				212F50E81D40A65E001CBA91 /* Frameworks */,
				212F50E91D40A65E001CBA91 /* Resources */,
				48F8F064A941B5AEF26FFC43 /* [CP] Copy Pods Resources */,
			);
			buildRules = (
			);
			dependencies = (
				212F50ED1D40A65E001CBA91 /* PBXTargetDependency */,
			);
			name = BWUserInterfaceUITests;
			productName = BWUserInterfaceUITests;
			productReference = 212F50EB1D40A65E001CBA91 /* BWUserInterfaceUITests.xctest */;
			productType = "com.apple.product-type.bundle.ui-testing";
		};
/* End PBXNativeTarget section */

/* Begin PBXProject section */
		212F50BF1D40A65D001CBA91 /* Project object */ = {
			isa = PBXProject;
			attributes = {
				LastUpgradeCheck = 0730;
				ORGANIZATIONNAME = "Bob Wong Studio";
				TargetAttributes = {
					212F50C61D40A65E001CBA91 = {
						CreatedOnToolsVersion = 7.3;
					};
					212F50DF1D40A65E001CBA91 = {
						CreatedOnToolsVersion = 7.3;
						TestTargetID = 212F50C61D40A65E001CBA91;
					};
					212F50EA1D40A65E001CBA91 = {
						CreatedOnToolsVersion = 7.3;
						TestTargetID = 212F50C61D40A65E001CBA91;
					};
				};
			};
			buildConfigurationList = 212F50C21D40A65D001CBA91 /* Build configuration list for PBXProject "BWUserInterface" */;
			compatibilityVersion = "Xcode 3.2";
			developmentRegion = English;
			hasScannedForEncodings = 0;
			knownRegions = (
				en,
				Base,
			);
			mainGroup = 212F50BE1D40A65D001CBA91;
			productRefGroup = 212F50C81D40A65E001CBA91 /* Products */;
			projectDirPath = "";
			projectRoot = "";
			targets = (
				212F50C61D40A65E001CBA91 /* BWUserInterface */,
				212F50DF1D40A65E001CBA91 /* BWUserInterfaceTests */,
				212F50EA1D40A65E001CBA91 /* BWUserInterfaceUITests */,
			);
		};
/* End PBXProject section */

/* Begin PBXResourcesBuildPhase section */
		212F50C51D40A65E001CBA91 /* Resources */ = {
			isa = PBXResourcesBuildPhase;
			buildActionMask = 2147483647;
			files = (
				212F51301D40A771001CBA91 /* BWXibResearchViewController.xib in Resources */,
				212F512E1D40A771001CBA91 /* BWXibRegisterViewController.xib in Resources */,
				212F50DA1D40A65E001CBA91 /* LaunchScreen.storyboard in Resources */,
				212F50D71D40A65E001CBA91 /* Assets.xcassets in Resources */,
				212F512C1D40A771001CBA91 /* BWXibRegisterView.xib in Resources */,
				B443A1671D5476E7003D66C5 /* Main.storyboard in Resources */,
				212F51261D40A771001CBA91 /* BWXibViewController.xib in Resources */,
				212F51321D40A771001CBA91 /* BWWashClothesViewController.xib in Resources */,
				212F512A1D40A771001CBA91 /* BWXibLoginRegisterViewController.xib in Resources */,
				212F51241D40A771001CBA91 /* BWMainViewController.xib in Resources */,
				212F51281D40A771001CBA91 /* BWXibLoginedViewController.xib in Resources */,
			);
			runOnlyForDeploymentPostprocessing = 0;
		};
		212F50DE1D40A65E001CBA91 /* Resources */ = {
			isa = PBXResourcesBuildPhase;
			buildActionMask = 2147483647;
			files = (
			);
			runOnlyForDeploymentPostprocessing = 0;
		};
		212F50E91D40A65E001CBA91 /* Resources */ = {
			isa = PBXResourcesBuildPhase;
			buildActionMask = 2147483647;
			files = (
			);
			runOnlyForDeploymentPostprocessing = 0;
		};
/* End PBXResourcesBuildPhase section */

/* Begin PBXShellScriptBuildPhase section */
		2532E348B79F4D9D23CCA614 /* [CP] Copy Pods Resources */ = {
			isa = PBXShellScriptBuildPhase;
			buildActionMask = 2147483647;
			files = (
			);
			inputPaths = (
			);
			name = "[CP] Copy Pods Resources";
			outputPaths = (
			);
			runOnlyForDeploymentPostprocessing = 0;
			shellPath = /bin/sh;
			shellScript = "\"${SRCROOT}/Pods/Target Support Files/Pods-BWUserInterface/Pods-BWUserInterface-resources.sh\"\n";
			showEnvVarsInLog = 0;
		};
		342E11A7076B12B4332748DD /* [CP] Copy Pods Resources */ = {
			isa = PBXShellScriptBuildPhase;
			buildActionMask = 2147483647;
			files = (
			);
			inputPaths = (
			);
			name = "[CP] Copy Pods Resources";
			outputPaths = (
			);
			runOnlyForDeploymentPostprocessing = 0;
			shellPath = /bin/sh;
			shellScript = "\"${SRCROOT}/Pods/Target Support Files/Pods-BWUserInterfaceTests/Pods-BWUserInterfaceTests-resources.sh\"\n";
			showEnvVarsInLog = 0;
		};
		48F8F064A941B5AEF26FFC43 /* [CP] Copy Pods Resources */ = {
			isa = PBXShellScriptBuildPhase;
			buildActionMask = 2147483647;
			files = (
			);
			inputPaths = (
			);
			name = "[CP] Copy Pods Resources";
			outputPaths = (
			);
			runOnlyForDeploymentPostprocessing = 0;
			shellPath = /bin/sh;
			shellScript = "\"${SRCROOT}/Pods/Target Support Files/Pods-BWUserInterfaceUITests/Pods-BWUserInterfaceUITests-resources.sh\"\n";
			showEnvVarsInLog = 0;
		};
		7D6A892B46191D06D1F8CB91 /* [CP] Check Pods Manifest.lock */ = {
			isa = PBXShellScriptBuildPhase;
			buildActionMask = 2147483647;
			files = (
			);
			inputPaths = (
			);
			name = "[CP] Check Pods Manifest.lock";
			outputPaths = (
			);
			runOnlyForDeploymentPostprocessing = 0;
			shellPath = /bin/sh;
			shellScript = "diff \"${PODS_ROOT}/../Podfile.lock\" \"${PODS_ROOT}/Manifest.lock\" > /dev/null\nif [[ $? != 0 ]] ; then\n    cat << EOM\nerror: The sandbox is not in sync with the Podfile.lock. Run 'pod install' or update your CocoaPods installation.\nEOM\n    exit 1\nfi\n";
			showEnvVarsInLog = 0;
		};
		87D5B77E89BA934DBD1B74F8 /* [CP] Embed Pods Frameworks */ = {
			isa = PBXShellScriptBuildPhase;
			buildActionMask = 2147483647;
			files = (
			);
			inputPaths = (
			);
			name = "[CP] Embed Pods Frameworks";
			outputPaths = (
			);
			runOnlyForDeploymentPostprocessing = 0;
			shellPath = /bin/sh;
			shellScript = "\"${SRCROOT}/Pods/Target Support Files/Pods-BWUserInterface/Pods-BWUserInterface-frameworks.sh\"\n";
			showEnvVarsInLog = 0;
		};
		B2EB9BC1B71D3CED9388C9D4 /* [CP] Embed Pods Frameworks */ = {
			isa = PBXShellScriptBuildPhase;
			buildActionMask = 2147483647;
			files = (
			);
			inputPaths = (
			);
			name = "[CP] Embed Pods Frameworks";
			outputPaths = (
			);
			runOnlyForDeploymentPostprocessing = 0;
			shellPath = /bin/sh;
			shellScript = "\"${SRCROOT}/Pods/Target Support Files/Pods-BWUserInterfaceTests/Pods-BWUserInterfaceTests-frameworks.sh\"\n";
			showEnvVarsInLog = 0;
		};
		C3FD3893EFF2920270CDFFAD /* [CP] Check Pods Manifest.lock */ = {
			isa = PBXShellScriptBuildPhase;
			buildActionMask = 2147483647;
			files = (
			);
			inputPaths = (
			);
			name = "[CP] Check Pods Manifest.lock";
			outputPaths = (
			);
			runOnlyForDeploymentPostprocessing = 0;
			shellPath = /bin/sh;
			shellScript = "diff \"${PODS_ROOT}/../Podfile.lock\" \"${PODS_ROOT}/Manifest.lock\" > /dev/null\nif [[ $? != 0 ]] ; then\n    cat << EOM\nerror: The sandbox is not in sync with the Podfile.lock. Run 'pod install' or update your CocoaPods installation.\nEOM\n    exit 1\nfi\n";
			showEnvVarsInLog = 0;
		};
		CEBD5FD5614B409D95842B88 /* [CP] Check Pods Manifest.lock */ = {
			isa = PBXShellScriptBuildPhase;
			buildActionMask = 2147483647;
			files = (
			);
			inputPaths = (
			);
			name = "[CP] Check Pods Manifest.lock";
			outputPaths = (
			);
			runOnlyForDeploymentPostprocessing = 0;
			shellPath = /bin/sh;
			shellScript = "diff \"${PODS_ROOT}/../Podfile.lock\" \"${PODS_ROOT}/Manifest.lock\" > /dev/null\nif [[ $? != 0 ]] ; then\n    cat << EOM\nerror: The sandbox is not in sync with the Podfile.lock. Run 'pod install' or update your CocoaPods installation.\nEOM\n    exit 1\nfi\n";
			showEnvVarsInLog = 0;
		};
/* End PBXShellScriptBuildPhase section */

/* Begin PBXSourcesBuildPhase section */
		212F50C31D40A65E001CBA91 /* Sources */ = {
			isa = PBXSourcesBuildPhase;
			buildActionMask = 2147483647;
			files = (
				212F512F1D40A771001CBA91 /* BWXibResearchViewController.m in Sources */,
				212F51271D40A771001CBA91 /* BWXibLoginedViewController.m in Sources */,
				212F51221D40A771001CBA91 /* BWBaseViewController.m in Sources */,
				212F512B1D40A771001CBA91 /* BWXibRegisterView.m in Sources */,
				212F50CF1D40A65E001CBA91 /* AppDelegate.m in Sources */,
				212F51251D40A771001CBA91 /* BWXibViewController.m in Sources */,
				212F50CC1D40A65E001CBA91 /* main.m in Sources */,
				212F51291D40A771001CBA91 /* BWXibLoginRegisterViewController.m in Sources */,
				212F51311D40A771001CBA91 /* BWWashClothesViewController.m in Sources */,
				212F512D1D40A771001CBA91 /* BWXibRegisterViewController.m in Sources */,
				212F51231D40A771001CBA91 /* BWMainViewController.m in Sources */,
			);
			runOnlyForDeploymentPostprocessing = 0;
		};
		212F50DC1D40A65E001CBA91 /* Sources */ = {
			isa = PBXSourcesBuildPhase;
			buildActionMask = 2147483647;
			files = (
				212F50E51D40A65E001CBA91 /* BWUserInterfaceTests.m in Sources */,
			);
			runOnlyForDeploymentPostprocessing = 0;
		};
		212F50E71D40A65E001CBA91 /* Sources */ = {
			isa = PBXSourcesBuildPhase;
			buildActionMask = 2147483647;
			files = (
				212F50F01D40A65E001CBA91 /* BWUserInterfaceUITests.m in Sources */,
			);
			runOnlyForDeploymentPostprocessing = 0;
		};
/* End PBXSourcesBuildPhase section */

/* Begin PBXTargetDependency section */
		212F50E21D40A65E001CBA91 /* PBXTargetDependency */ = {
			isa = PBXTargetDependency;
			target = 212F50C61D40A65E001CBA91 /* BWUserInterface */;
			targetProxy = 212F50E11D40A65E001CBA91 /* PBXContainerItemProxy */;
		};
		212F50ED1D40A65E001CBA91 /* PBXTargetDependency */ = {
			isa = PBXTargetDependency;
			target = 212F50C61D40A65E001CBA91 /* BWUserInterface */;
			targetProxy = 212F50EC1D40A65E001CBA91 /* PBXContainerItemProxy */;
		};
/* End PBXTargetDependency section */

/* Begin PBXVariantGroup section */
		212F50D81D40A65E001CBA91 /* LaunchScreen.storyboard */ = {
			isa = PBXVariantGroup;
			children = (
				212F50D91D40A65E001CBA91 /* Base */,
			);
			name = LaunchScreen.storyboard;
			sourceTree = "<group>";
		};
/* End PBXVariantGroup section */

/* Begin XCBuildConfiguration section */
		212F50F21D40A65E001CBA91 /* Debug */ = {
			isa = XCBuildConfiguration;
			buildSettings = {
				ALWAYS_SEARCH_USER_PATHS = NO;
				CLANG_ANALYZER_NONNULL = YES;
				CLANG_CXX_LANGUAGE_STANDARD = "gnu++0x";
				CLANG_CXX_LIBRARY = "libc++";
				CLANG_ENABLE_MODULES = YES;
				CLANG_ENABLE_OBJC_ARC = YES;
				CLANG_WARN_BOOL_CONVERSION = YES;
				CLANG_WARN_CONSTANT_CONVERSION = YES;
				CLANG_WARN_DIRECT_OBJC_ISA_USAGE = YES_ERROR;
				CLANG_WARN_EMPTY_BODY = YES;
				CLANG_WARN_ENUM_CONVERSION = YES;
				CLANG_WARN_INT_CONVERSION = YES;
				CLANG_WARN_OBJC_ROOT_CLASS = YES_ERROR;
				CLANG_WARN_UNREACHABLE_CODE = YES;
				CLANG_WARN__DUPLICATE_METHOD_MATCH = YES;
				"CODE_SIGN_IDENTITY[sdk=iphoneos*]" = "iPhone Developer";
				COPY_PHASE_STRIP = NO;
				DEBUG_INFORMATION_FORMAT = dwarf;
				ENABLE_STRICT_OBJC_MSGSEND = YES;
				ENABLE_TESTABILITY = YES;
				GCC_C_LANGUAGE_STANDARD = gnu99;
				GCC_DYNAMIC_NO_PIC = NO;
				GCC_NO_COMMON_BLOCKS = YES;
				GCC_OPTIMIZATION_LEVEL = 0;
				GCC_PREPROCESSOR_DEFINITIONS = (
					"DEBUG=1",
					"$(inherited)",
				);
				GCC_WARN_64_TO_32_BIT_CONVERSION = YES;
				GCC_WARN_ABOUT_RETURN_TYPE = YES_ERROR;
				GCC_WARN_UNDECLARED_SELECTOR = YES;
				GCC_WARN_UNINITIALIZED_AUTOS = YES_AGGRESSIVE;
				GCC_WARN_UNUSED_FUNCTION = YES;
				GCC_WARN_UNUSED_VARIABLE = YES;
				IPHONEOS_DEPLOYMENT_TARGET = 9.3;
				MTL_ENABLE_DEBUG_INFO = YES;
				ONLY_ACTIVE_ARCH = YES;
				SDKROOT = iphoneos;
			};
			name = Debug;
		};
		212F50F31D40A65E001CBA91 /* Release */ = {
			isa = XCBuildConfiguration;
			buildSettings = {
				ALWAYS_SEARCH_USER_PATHS = NO;
				CLANG_ANALYZER_NONNULL = YES;
				CLANG_CXX_LANGUAGE_STANDARD = "gnu++0x";
				CLANG_CXX_LIBRARY = "libc++";
				CLANG_ENABLE_MODULES = YES;
				CLANG_ENABLE_OBJC_ARC = YES;
				CLANG_WARN_BOOL_CONVERSION = YES;
				CLANG_WARN_CONSTANT_CONVERSION = YES;
				CLANG_WARN_DIRECT_OBJC_ISA_USAGE = YES_ERROR;
				CLANG_WARN_EMPTY_BODY = YES;
				CLANG_WARN_ENUM_CONVERSION = YES;
				CLANG_WARN_INT_CONVERSION = YES;
				CLANG_WARN_OBJC_ROOT_CLASS = YES_ERROR;
				CLANG_WARN_UNREACHABLE_CODE = YES;
				CLANG_WARN__DUPLICATE_METHOD_MATCH = YES;
				"CODE_SIGN_IDENTITY[sdk=iphoneos*]" = "iPhone Developer";
				COPY_PHASE_STRIP = NO;
				DEBUG_INFORMATION_FORMAT = "dwarf-with-dsym";
				ENABLE_NS_ASSERTIONS = NO;
				ENABLE_STRICT_OBJC_MSGSEND = YES;
				GCC_C_LANGUAGE_STANDARD = gnu99;
				GCC_NO_COMMON_BLOCKS = YES;
				GCC_WARN_64_TO_32_BIT_CONVERSION = YES;
				GCC_WARN_ABOUT_RETURN_TYPE = YES_ERROR;
				GCC_WARN_UNDECLARED_SELECTOR = YES;
				GCC_WARN_UNINITIALIZED_AUTOS = YES_AGGRESSIVE;
				GCC_WARN_UNUSED_FUNCTION = YES;
				GCC_WARN_UNUSED_VARIABLE = YES;
				IPHONEOS_DEPLOYMENT_TARGET = 9.3;
				MTL_ENABLE_DEBUG_INFO = NO;
				SDKROOT = iphoneos;
				VALIDATE_PRODUCT = YES;
			};
			name = Release;
		};
		212F50F51D40A65E001CBA91 /* Debug */ = {
			isa = XCBuildConfiguration;
			baseConfigurationReference = 7111F1E7F9E38319E4E68053 /* Pods-BWUserInterface.debug.xcconfig */;
			buildSettings = {
				ASSETCATALOG_COMPILER_APPICON_NAME = AppIcon;
				INFOPLIST_FILE = BWUserInterface/Info.plist;
				IPHONEOS_DEPLOYMENT_TARGET = 7.0;
				LD_RUNPATH_SEARCH_PATHS = "$(inherited) @executable_path/Frameworks";
				PRODUCT_BUNDLE_IDENTIFIER = com.bws.BWUserInterface;
				PRODUCT_NAME = "$(TARGET_NAME)";
			};
			name = Debug;
		};
		212F50F61D40A65E001CBA91 /* Release */ = {
			isa = XCBuildConfiguration;
			baseConfigurationReference = 4C78B3DE4C334D4E3A053690 /* Pods-BWUserInterface.release.xcconfig */;
			buildSettings = {
				ASSETCATALOG_COMPILER_APPICON_NAME = AppIcon;
				INFOPLIST_FILE = BWUserInterface/Info.plist;
				IPHONEOS_DEPLOYMENT_TARGET = 7.0;
				LD_RUNPATH_SEARCH_PATHS = "$(inherited) @executable_path/Frameworks";
				PRODUCT_BUNDLE_IDENTIFIER = com.bws.BWUserInterface;
				PRODUCT_NAME = "$(TARGET_NAME)";
			};
			name = Release;
		};
		212F50F81D40A65E001CBA91 /* Debug */ = {
			isa = XCBuildConfiguration;
			buildSettings = {
				BUNDLE_LOADER = "$(TEST_HOST)";
				INFOPLIST_FILE = BWUserInterfaceTests/Info.plist;
				LD_RUNPATH_SEARCH_PATHS = "$(inherited) @executable_path/Frameworks @loader_path/Frameworks";
				PRODUCT_BUNDLE_IDENTIFIER = com.bws.BWUserInterfaceTests;
				PRODUCT_NAME = "$(TARGET_NAME)";
				TEST_HOST = "$(BUILT_PRODUCTS_DIR)/BWUserInterface.app/BWUserInterface";
			};
			name = Debug;
		};
		212F50F91D40A65E001CBA91 /* Release */ = {
			isa = XCBuildConfiguration;
			buildSettings = {
				BUNDLE_LOADER = "$(TEST_HOST)";
				INFOPLIST_FILE = BWUserInterfaceTests/Info.plist;
				LD_RUNPATH_SEARCH_PATHS = "$(inherited) @executable_path/Frameworks @loader_path/Frameworks";
				PRODUCT_BUNDLE_IDENTIFIER = com.bws.BWUserInterfaceTests;
				PRODUCT_NAME = "$(TARGET_NAME)";
				TEST_HOST = "$(BUILT_PRODUCTS_DIR)/BWUserInterface.app/BWUserInterface";
			};
			name = Release;
		};
		212F50FB1D40A65E001CBA91 /* Debug */ = {
			isa = XCBuildConfiguration;
			buildSettings = {
				INFOPLIST_FILE = BWUserInterfaceUITests/Info.plist;
				LD_RUNPATH_SEARCH_PATHS = "$(inherited) @executable_path/Frameworks @loader_path/Frameworks";
				PRODUCT_BUNDLE_IDENTIFIER = com.bws.BWUserInterfaceUITests;
				PRODUCT_NAME = "$(TARGET_NAME)";
				TEST_TARGET_NAME = BWUserInterface;
			};
			name = Debug;
		};
		212F50FC1D40A65E001CBA91 /* Release */ = {
			isa = XCBuildConfiguration;
			buildSettings = {
				INFOPLIST_FILE = BWUserInterfaceUITests/Info.plist;
				LD_RUNPATH_SEARCH_PATHS = "$(inherited) @executable_path/Frameworks @loader_path/Frameworks";
				PRODUCT_BUNDLE_IDENTIFIER = com.bws.BWUserInterfaceUITests;
				PRODUCT_NAME = "$(TARGET_NAME)";
				TEST_TARGET_NAME = BWUserInterface;
			};
			name = Release;
		};
/* End XCBuildConfiguration section */

/* Begin XCConfigurationList section */
		212F50C21D40A65D001CBA91 /* Build configuration list for PBXProject "BWUserInterface" */ = {
			isa = XCConfigurationList;
			buildConfigurations = (
				212F50F21D40A65E001CBA91 /* Debug */,
				212F50F31D40A65E001CBA91 /* Release */,
			);
			defaultConfigurationIsVisible = 0;
			defaultConfigurationName = Release;
		};
		212F50F41D40A65E001CBA91 /* Build configuration list for PBXNativeTarget "BWUserInterface" */ = {
			isa = XCConfigurationList;
			buildConfigurations = (
				212F50F51D40A65E001CBA91 /* Debug */,
				212F50F61D40A65E001CBA91 /* Release */,
			);
			defaultConfigurationIsVisible = 0;
			defaultConfigurationName = Release;
		};
		212F50F71D40A65E001CBA91 /* Build configuration list for PBXNativeTarget "BWUserInterfaceTests" */ = {
			isa = XCConfigurationList;
			buildConfigurations = (
				212F50F81D40A65E001CBA91 /* Debug */,
				212F50F91D40A65E001CBA91 /* Release */,
			);
			defaultConfigurationIsVisible = 0;
			defaultConfigurationName = Release;
		};
		212F50FA1D40A65E001CBA91 /* Build configuration list for PBXNativeTarget "BWUserInterfaceUITests" */ = {
			isa = XCConfigurationList;
			buildConfigurations = (
				212F50FB1D40A65E001CBA91 /* Debug */,
				212F50FC1D40A65E001CBA91 /* Release */,
			);
			defaultConfigurationIsVisible = 0;
			defaultConfigurationName = Release;
		};
/* End XCConfigurationList section */
	};
	rootObject = 212F50BF1D40A65D001CBA91 /* Project object */;
}
