// !$*UTF8*$!
{
	archiveVersion = 1;
	classes = {
	};
	objectVersion = 46;
	objects = {

/* Begin PBXBuildFile section */
		212F50CC1D40A65E001CBA91 /* main.m in Sources */ = {isa = PBXBuildFile; fileRef = 212F50CB1D40A65E001CBA91 /* main.m */; };
		212F50CF1D40A65E001CBA91 /* AppDelegate.m in Sources */ = {isa = PBXBuildFile; fileRef = 212F50CE1D40A65E001CBA91 /* AppDelegate.m */; };
		212F50D71D40A65E001CBA91 /* Assets.xcassets in Resources */ = {isa = PBXBuildFile; fileRef = 212F50D61D40A65E001CBA91 /* Assets.xcassets */; };
		212F50DA1D40A65E001CBA91 /* LaunchScreen.storyboard in Resources */ = {isa = PBXBuildFile; fileRef = 212F50D81D40A65E001CBA91 /* LaunchScreen.storyboard */; };
		212F50E51D40A65E001CBA91 /* BWUserInterfaceTests.m in Sources */ = {isa = PBXBuildFile; fileRef = 212F50E41D40A65E001CBA91 /* BWUserInterfaceTests.m */; };
		212F50F01D40A65E001CBA91 /* BWUserInterfaceUITests.m in Sources */ = {isa = PBXBuildFile; fileRef = 212F50EF1D40A65E001CBA91 /* BWUserInterfaceUITests.m */; };
		54E37811F1C1CDE453978C69 /* libPods-BWUserInterface.a in Frameworks */ = {isa = PBXBuildFile; fileRef = A42971F9B96251D62AB14EA3 /* libPods-BWUserInterface.a */; };
		B443A1671D5476E7003D66C5 /* Main.storyboard in Resources */ = {isa = PBXBuildFile; fileRef = B443A1661D5476E7003D66C5 /* Main.storyboard */; };
		B45951A81D59747500EB6E1B /* README.md in Sources */ = {isa = PBXBuildFile; fileRef = B45951A71D59747500EB6E1B /* README.md */; };
		B470C5481D616E59007E0F0E /* BWXibVCViewController.m in Sources */ = {isa = PBXBuildFile; fileRef = B470C5461D616E59007E0F0E /* BWXibVCViewController.m */; };
		B470C5491D616E59007E0F0E /* BWXibVCViewController.xib in Resources */ = {isa = PBXBuildFile; fileRef = B470C5471D616E59007E0F0E /* BWXibVCViewController.xib */; };
		B470C54D1D616F4B007E0F0E /* BWXibViewController.m in Sources */ = {isa = PBXBuildFile; fileRef = B470C54B1D616F4B007E0F0E /* BWXibViewController.m */; };
		B470C54E1D616F4B007E0F0E /* BWXibViewController.xib in Resources */ = {isa = PBXBuildFile; fileRef = B470C54C1D616F4B007E0F0E /* BWXibViewController.xib */; };
		B470C55A1D61A54F007E0F0E /* BWCustomView0.m in Sources */ = {isa = PBXBuildFile; fileRef = B470C5571D61A54F007E0F0E /* BWCustomView0.m */; };
		B470C55B1D61A54F007E0F0E /* BWCustomView0.xib in Resources */ = {isa = PBXBuildFile; fileRef = B470C5581D61A54F007E0F0E /* BWCustomView0.xib */; };
		B470C55E1D61A55F007E0F0E /* BWCustomView1.m in Sources */ = {isa = PBXBuildFile; fileRef = B470C55D1D61A55F007E0F0E /* BWCustomView1.m */; };
		B470C5601D61A56A007E0F0E /* BWCustomView1.xib in Resources */ = {isa = PBXBuildFile; fileRef = B470C55F1D61A56A007E0F0E /* BWCustomView1.xib */; };
		B470C5651D61BBD8007E0F0E /* BWFrameController.m in Sources */ = {isa = PBXBuildFile; fileRef = B470C5641D61BBD8007E0F0E /* BWFrameController.m */; };
		B470C5681D61BBF6007E0F0E /* BWConstraintsController.m in Sources */ = {isa = PBXBuildFile; fileRef = B470C5671D61BBF6007E0F0E /* BWConstraintsController.m */; };
		B4727B3B1D62B4E900304252 /* UILabel+BWAdd.m in Sources */ = {isa = PBXBuildFile; fileRef = B4727B3A1D62B4E900304252 /* UILabel+BWAdd.m */; };
		B4727B3F1D62BEAA00304252 /* BWGlobal.m in Sources */ = {isa = PBXBuildFile; fileRef = B4727B3E1D62BEAA00304252 /* BWGlobal.m */; };
		B4727B481D62FDE000304252 /* BWProjectDevelopmentController.m in Sources */ = {isa = PBXBuildFile; fileRef = B4727B471D62FDE000304252 /* BWProjectDevelopmentController.m */; };
		B4727B4B1D62FE1000304252 /* BWPDPureCodeController.m in Sources */ = {isa = PBXBuildFile; fileRef = B4727B4A1D62FE1000304252 /* BWPDPureCodeController.m */; };
		B480ADEF1D5DB7A50057B1D6 /* BWBaseViewController.m in Sources */ = {isa = PBXBuildFile; fileRef = B480ADEE1D5DB7A50057B1D6 /* BWBaseViewController.m */; };
		B480ADF21D5DB8010057B1D6 /* BWHomeController.m in Sources */ = {isa = PBXBuildFile; fileRef = B480ADF11D5DB8010057B1D6 /* BWHomeController.m */; };
		B480ADF51D5DB80D0057B1D6 /* BWAnimationController.m in Sources */ = {isa = PBXBuildFile; fileRef = B480ADF41D5DB80D0057B1D6 /* BWAnimationController.m */; };
		B480ADF81D5DB8230057B1D6 /* BWComputerGraphicsController.m in Sources */ = {isa = PBXBuildFile; fileRef = B480ADF71D5DB8230057B1D6 /* BWComputerGraphicsController.m */; };
		B480ADFC1D5DB8580057B1D6 /* BWPrincipleMechanismController.m in Sources */ = {isa = PBXBuildFile; fileRef = B480ADFB1D5DB8580057B1D6 /* BWPrincipleMechanismController.m */; };
		B480ADFF1D5DB86B0057B1D6 /* BWUIComponentsController.m in Sources */ = {isa = PBXBuildFile; fileRef = B480ADFE1D5DB86B0057B1D6 /* BWUIComponentsController.m */; };
		B480AE021D5DB8810057B1D6 /* BWUIUtilityFunctionController.m in Sources */ = {isa = PBXBuildFile; fileRef = B480AE011D5DB8810057B1D6 /* BWUIUtilityFunctionController.m */; };
		B480AE0D1D5DB90C0057B1D6 /* BWLayoutWaysController.m in Sources */ = {isa = PBXBuildFile; fileRef = B480AE0C1D5DB90C0057B1D6 /* BWLayoutWaysController.m */; };
		B480AE101D5DB92D0057B1D6 /* BWEditInterfaceWaysController.m in Sources */ = {isa = PBXBuildFile; fileRef = B480AE0F1D5DB92D0057B1D6 /* BWEditInterfaceWaysController.m */; };
		B480AE181D5DBCC90057B1D6 /* BWPureCodeController.m in Sources */ = {isa = PBXBuildFile; fileRef = B480AE171D5DBCC90057B1D6 /* BWPureCodeController.m */; };
		B480AE1B1D5DBCE90057B1D6 /* BWXibController.m in Sources */ = {isa = PBXBuildFile; fileRef = B480AE1A1D5DBCE90057B1D6 /* BWXibController.m */; };
		B480AE1E1D5DBD010057B1D6 /* BWStoryboardController.m in Sources */ = {isa = PBXBuildFile; fileRef = B480AE1D1D5DBD010057B1D6 /* BWStoryboardController.m */; };
		B480AE211D5DBD2C0057B1D6 /* BWHTMLAppController.m in Sources */ = {isa = PBXBuildFile; fileRef = B480AE201D5DBD2C0057B1D6 /* BWHTMLAppController.m */; };
		B480AE241D5DBD580057B1D6 /* BWJavaScriptEditNativeController.m in Sources */ = {isa = PBXBuildFile; fileRef = B480AE231D5DBD580057B1D6 /* BWJavaScriptEditNativeController.m */; };
		B480AE291D5DCDD20057B1D6 /* UIView+BWAdd.m in Sources */ = {isa = PBXBuildFile; fileRef = B480AE281D5DCDD20057B1D6 /* UIView+BWAdd.m */; };
/* End PBXBuildFile section */

/* Begin PBXContainerItemProxy section */
		212F50E11D40A65E001CBA91 /* PBXContainerItemProxy */ = {
			isa = PBXContainerItemProxy;
			containerPortal = 212F50BF1D40A65D001CBA91 /* Project object */;
			proxyType = 1;
			remoteGlobalIDString = 212F50C61D40A65E001CBA91;
			remoteInfo = BWUserInterface;
		};
		212F50EC1D40A65E001CBA91 /* PBXContainerItemProxy */ = {
			isa = PBXContainerItemProxy;
			containerPortal = 212F50BF1D40A65D001CBA91 /* Project object */;
			proxyType = 1;
			remoteGlobalIDString = 212F50C61D40A65E001CBA91;
			remoteInfo = BWUserInterface;
		};
/* End PBXContainerItemProxy section */

/* Begin PBXFileReference section */
		187B1ED9BC55EDD997DE72C5 /* libPods-BWUserInterfaceUITests.a */ = {isa = PBXFileReference; explicitFileType = archive.ar; includeInIndex = 0; path = "libPods-BWUserInterfaceUITests.a"; sourceTree = BUILT_PRODUCTS_DIR; };
		212F50C71D40A65E001CBA91 /* BWUserInterface.app */ = {isa = PBXFileReference; explicitFileType = wrapper.application; includeInIndex = 0; path = BWUserInterface.app; sourceTree = BUILT_PRODUCTS_DIR; };
		212F50CB1D40A65E001CBA91 /* main.m */ = {isa = PBXFileReference; lastKnownFileType = sourcecode.c.objc; path = main.m; sourceTree = "<group>"; };
		212F50CD1D40A65E001CBA91 /* AppDelegate.h */ = {isa = PBXFileReference; lastKnownFileType = sourcecode.c.h; path = AppDelegate.h; sourceTree = "<group>"; };
		212F50CE1D40A65E001CBA91 /* AppDelegate.m */ = {isa = PBXFileReference; lastKnownFileType = sourcecode.c.objc; path = AppDelegate.m; sourceTree = "<group>"; };
		212F50D61D40A65E001CBA91 /* Assets.xcassets */ = {isa = PBXFileReference; lastKnownFileType = folder.assetcatalog; path = Assets.xcassets; sourceTree = "<group>"; };
		212F50D91D40A65E001CBA91 /* Base */ = {isa = PBXFileReference; lastKnownFileType = file.storyboard; name = Base; path = Base.lproj/LaunchScreen.storyboard; sourceTree = "<group>"; };
		212F50DB1D40A65E001CBA91 /* Info.plist */ = {isa = PBXFileReference; lastKnownFileType = text.plist.xml; path = Info.plist; sourceTree = "<group>"; };
		212F50E01D40A65E001CBA91 /* BWUserInterfaceTests.xctest */ = {isa = PBXFileReference; explicitFileType = wrapper.cfbundle; includeInIndex = 0; path = BWUserInterfaceTests.xctest; sourceTree = BUILT_PRODUCTS_DIR; };
		212F50E41D40A65E001CBA91 /* BWUserInterfaceTests.m */ = {isa = PBXFileReference; lastKnownFileType = sourcecode.c.objc; path = BWUserInterfaceTests.m; sourceTree = "<group>"; };
		212F50E61D40A65E001CBA91 /* Info.plist */ = {isa = PBXFileReference; lastKnownFileType = text.plist.xml; path = Info.plist; sourceTree = "<group>"; };
		212F50EB1D40A65E001CBA91 /* BWUserInterfaceUITests.xctest */ = {isa = PBXFileReference; explicitFileType = wrapper.cfbundle; includeInIndex = 0; path = BWUserInterfaceUITests.xctest; sourceTree = BUILT_PRODUCTS_DIR; };
		212F50EF1D40A65E001CBA91 /* BWUserInterfaceUITests.m */ = {isa = PBXFileReference; lastKnownFileType = sourcecode.c.objc; path = BWUserInterfaceUITests.m; sourceTree = "<group>"; };
		212F50F11D40A65E001CBA91 /* Info.plist */ = {isa = PBXFileReference; lastKnownFileType = text.plist.xml; path = Info.plist; sourceTree = "<group>"; };
		4C78B3DE4C334D4E3A053690 /* Pods-BWUserInterface.release.xcconfig */ = {isa = PBXFileReference; includeInIndex = 1; lastKnownFileType = text.xcconfig; name = "Pods-BWUserInterface.release.xcconfig"; path = "Pods/Target Support Files/Pods-BWUserInterface/Pods-BWUserInterface.release.xcconfig"; sourceTree = "<group>"; };
		7111F1E7F9E38319E4E68053 /* Pods-BWUserInterface.debug.xcconfig */ = {isa = PBXFileReference; includeInIndex = 1; lastKnownFileType = text.xcconfig; name = "Pods-BWUserInterface.debug.xcconfig"; path = "Pods/Target Support Files/Pods-BWUserInterface/Pods-BWUserInterface.debug.xcconfig"; sourceTree = "<group>"; };
		8F67FF8CBE65CBFEC03CCC6F /* libPods-BWUserInterfaceTests.a */ = {isa = PBXFileReference; explicitFileType = archive.ar; includeInIndex = 0; path = "libPods-BWUserInterfaceTests.a"; sourceTree = BUILT_PRODUCTS_DIR; };
		A42971F9B96251D62AB14EA3 /* libPods-BWUserInterface.a */ = {isa = PBXFileReference; explicitFileType = archive.ar; includeInIndex = 0; path = "libPods-BWUserInterface.a"; sourceTree = BUILT_PRODUCTS_DIR; };
		B443A1661D5476E7003D66C5 /* Main.storyboard */ = {isa = PBXFileReference; fileEncoding = 4; lastKnownFileType = file.storyboard; path = Main.storyboard; sourceTree = "<group>"; };
		B45951A71D59747500EB6E1B /* README.md */ = {isa = PBXFileReference; fileEncoding = 4; lastKnownFileType = net.daringfireball.markdown; path = README.md; sourceTree = SOURCE_ROOT; };
		B470C53D1D615B82007E0F0E /* BWMacroDefinition.h */ = {isa = PBXFileReference; lastKnownFileType = sourcecode.c.h; path = BWMacroDefinition.h; sourceTree = "<group>"; };
		B470C5451D616E59007E0F0E /* BWXibVCViewController.h */ = {isa = PBXFileReference; fileEncoding = 4; lastKnownFileType = sourcecode.c.h; path = BWXibVCViewController.h; sourceTree = "<group>"; };
		B470C5461D616E59007E0F0E /* BWXibVCViewController.m */ = {isa = PBXFileReference; fileEncoding = 4; lastKnownFileType = sourcecode.c.objc; path = BWXibVCViewController.m; sourceTree = "<group>"; };
		B470C5471D616E59007E0F0E /* BWXibVCViewController.xib */ = {isa = PBXFileReference; fileEncoding = 4; lastKnownFileType = file.xib; path = BWXibVCViewController.xib; sourceTree = "<group>"; };
		B470C54A1D616F4B007E0F0E /* BWXibViewController.h */ = {isa = PBXFileReference; fileEncoding = 4; lastKnownFileType = sourcecode.c.h; path = BWXibViewController.h; sourceTree = "<group>"; };
		B470C54B1D616F4B007E0F0E /* BWXibViewController.m */ = {isa = PBXFileReference; fileEncoding = 4; lastKnownFileType = sourcecode.c.objc; path = BWXibViewController.m; sourceTree = "<group>"; };
		B470C54C1D616F4B007E0F0E /* BWXibViewController.xib */ = {isa = PBXFileReference; fileEncoding = 4; lastKnownFileType = file.xib; path = BWXibViewController.xib; sourceTree = "<group>"; };
		B470C5561D61A54F007E0F0E /* BWCustomView0.h */ = {isa = PBXFileReference; fileEncoding = 4; lastKnownFileType = sourcecode.c.h; path = BWCustomView0.h; sourceTree = "<group>"; };
		B470C5571D61A54F007E0F0E /* BWCustomView0.m */ = {isa = PBXFileReference; fileEncoding = 4; lastKnownFileType = sourcecode.c.objc; path = BWCustomView0.m; sourceTree = "<group>"; };
		B470C5581D61A54F007E0F0E /* BWCustomView0.xib */ = {isa = PBXFileReference; fileEncoding = 4; lastKnownFileType = file.xib; path = BWCustomView0.xib; sourceTree = "<group>"; };
		B470C55C1D61A55F007E0F0E /* BWCustomView1.h */ = {isa = PBXFileReference; fileEncoding = 4; lastKnownFileType = sourcecode.c.h; path = BWCustomView1.h; sourceTree = "<group>"; };
		B470C55D1D61A55F007E0F0E /* BWCustomView1.m */ = {isa = PBXFileReference; fileEncoding = 4; lastKnownFileType = sourcecode.c.objc; path = BWCustomView1.m; sourceTree = "<group>"; };
		B470C55F1D61A56A007E0F0E /* BWCustomView1.xib */ = {isa = PBXFileReference; fileEncoding = 4; lastKnownFileType = file.xib; path = BWCustomView1.xib; sourceTree = "<group>"; };
		B470C5631D61BBD8007E0F0E /* BWFrameController.h */ = {isa = PBXFileReference; fileEncoding = 4; lastKnownFileType = sourcecode.c.h; path = BWFrameController.h; sourceTree = "<group>"; };
		B470C5641D61BBD8007E0F0E /* BWFrameController.m */ = {isa = PBXFileReference; fileEncoding = 4; lastKnownFileType = sourcecode.c.objc; path = BWFrameController.m; sourceTree = "<group>"; };
		B470C5661D61BBF6007E0F0E /* BWConstraintsController.h */ = {isa = PBXFileReference; fileEncoding = 4; lastKnownFileType = sourcecode.c.h; path = BWConstraintsController.h; sourceTree = "<group>"; };
		B470C5671D61BBF6007E0F0E /* BWConstraintsController.m */ = {isa = PBXFileReference; fileEncoding = 4; lastKnownFileType = sourcecode.c.objc; path = BWConstraintsController.m; sourceTree = "<group>"; };
		B4727B391D62B4E900304252 /* UILabel+BWAdd.h */ = {isa = PBXFileReference; fileEncoding = 4; lastKnownFileType = sourcecode.c.h; path = "UILabel+BWAdd.h"; sourceTree = "<group>"; };
		B4727B3A1D62B4E900304252 /* UILabel+BWAdd.m */ = {isa = PBXFileReference; fileEncoding = 4; lastKnownFileType = sourcecode.c.objc; path = "UILabel+BWAdd.m"; sourceTree = "<group>"; };
		B4727B3D1D62BEAA00304252 /* BWGlobal.h */ = {isa = PBXFileReference; fileEncoding = 4; lastKnownFileType = sourcecode.c.h; path = BWGlobal.h; sourceTree = "<group>"; };
		B4727B3E1D62BEAA00304252 /* BWGlobal.m */ = {isa = PBXFileReference; fileEncoding = 4; lastKnownFileType = sourcecode.c.objc; path = BWGlobal.m; sourceTree = "<group>"; };
		B4727B461D62FDE000304252 /* BWProjectDevelopmentController.h */ = {isa = PBXFileReference; fileEncoding = 4; lastKnownFileType = sourcecode.c.h; path = BWProjectDevelopmentController.h; sourceTree = "<group>"; };
		B4727B471D62FDE000304252 /* BWProjectDevelopmentController.m */ = {isa = PBXFileReference; fileEncoding = 4; lastKnownFileType = sourcecode.c.objc; path = BWProjectDevelopmentController.m; sourceTree = "<group>"; };
		B4727B491D62FE1000304252 /* BWPDPureCodeController.h */ = {isa = PBXFileReference; fileEncoding = 4; lastKnownFileType = sourcecode.c.h; path = BWPDPureCodeController.h; sourceTree = "<group>"; };
		B4727B4A1D62FE1000304252 /* BWPDPureCodeController.m */ = {isa = PBXFileReference; fileEncoding = 4; lastKnownFileType = sourcecode.c.objc; path = BWPDPureCodeController.m; sourceTree = "<group>"; };
		B480ADED1D5DB7A50057B1D6 /* BWBaseViewController.h */ = {isa = PBXFileReference; fileEncoding = 4; lastKnownFileType = sourcecode.c.h; path = BWBaseViewController.h; sourceTree = "<group>"; };
		B480ADEE1D5DB7A50057B1D6 /* BWBaseViewController.m */ = {isa = PBXFileReference; fileEncoding = 4; lastKnownFileType = sourcecode.c.objc; path = BWBaseViewController.m; sourceTree = "<group>"; };
		B480ADF01D5DB8010057B1D6 /* BWHomeController.h */ = {isa = PBXFileReference; fileEncoding = 4; lastKnownFileType = sourcecode.c.h; path = BWHomeController.h; sourceTree = "<group>"; };
		B480ADF11D5DB8010057B1D6 /* BWHomeController.m */ = {isa = PBXFileReference; fileEncoding = 4; lastKnownFileType = sourcecode.c.objc; path = BWHomeController.m; sourceTree = "<group>"; };
		B480ADF31D5DB80D0057B1D6 /* BWAnimationController.h */ = {isa = PBXFileReference; fileEncoding = 4; lastKnownFileType = sourcecode.c.h; path = BWAnimationController.h; sourceTree = "<group>"; };
		B480ADF41D5DB80D0057B1D6 /* BWAnimationController.m */ = {isa = PBXFileReference; fileEncoding = 4; lastKnownFileType = sourcecode.c.objc; path = BWAnimationController.m; sourceTree = "<group>"; };
		B480ADF61D5DB8230057B1D6 /* BWComputerGraphicsController.h */ = {isa = PBXFileReference; fileEncoding = 4; lastKnownFileType = sourcecode.c.h; path = BWComputerGraphicsController.h; sourceTree = "<group>"; };
		B480ADF71D5DB8230057B1D6 /* BWComputerGraphicsController.m */ = {isa = PBXFileReference; fileEncoding = 4; lastKnownFileType = sourcecode.c.objc; path = BWComputerGraphicsController.m; sourceTree = "<group>"; };
		B480ADFA1D5DB8580057B1D6 /* BWPrincipleMechanismController.h */ = {isa = PBXFileReference; fileEncoding = 4; lastKnownFileType = sourcecode.c.h; path = BWPrincipleMechanismController.h; sourceTree = "<group>"; };
		B480ADFB1D5DB8580057B1D6 /* BWPrincipleMechanismController.m */ = {isa = PBXFileReference; fileEncoding = 4; lastKnownFileType = sourcecode.c.objc; path = BWPrincipleMechanismController.m; sourceTree = "<group>"; };
		B480ADFD1D5DB86B0057B1D6 /* BWUIComponentsController.h */ = {isa = PBXFileReference; fileEncoding = 4; lastKnownFileType = sourcecode.c.h; path = BWUIComponentsController.h; sourceTree = "<group>"; };
		B480ADFE1D5DB86B0057B1D6 /* BWUIComponentsController.m */ = {isa = PBXFileReference; fileEncoding = 4; lastKnownFileType = sourcecode.c.objc; path = BWUIComponentsController.m; sourceTree = "<group>"; };
		B480AE001D5DB8810057B1D6 /* BWUIUtilityFunctionController.h */ = {isa = PBXFileReference; fileEncoding = 4; lastKnownFileType = sourcecode.c.h; path = BWUIUtilityFunctionController.h; sourceTree = "<group>"; };
		B480AE011D5DB8810057B1D6 /* BWUIUtilityFunctionController.m */ = {isa = PBXFileReference; fileEncoding = 4; lastKnownFileType = sourcecode.c.objc; path = BWUIUtilityFunctionController.m; sourceTree = "<group>"; };
		B480AE0B1D5DB90C0057B1D6 /* BWLayoutWaysController.h */ = {isa = PBXFileReference; fileEncoding = 4; lastKnownFileType = sourcecode.c.h; path = BWLayoutWaysController.h; sourceTree = "<group>"; };
		B480AE0C1D5DB90C0057B1D6 /* BWLayoutWaysController.m */ = {isa = PBXFileReference; fileEncoding = 4; lastKnownFileType = sourcecode.c.objc; path = BWLayoutWaysController.m; sourceTree = "<group>"; };
		B480AE0E1D5DB92D0057B1D6 /* BWEditInterfaceWaysController.h */ = {isa = PBXFileReference; fileEncoding = 4; lastKnownFileType = sourcecode.c.h; path = BWEditInterfaceWaysController.h; sourceTree = "<group>"; };
		B480AE0F1D5DB92D0057B1D6 /* BWEditInterfaceWaysController.m */ = {isa = PBXFileReference; fileEncoding = 4; lastKnownFileType = sourcecode.c.objc; path = BWEditInterfaceWaysController.m; sourceTree = "<group>"; };
		B480AE161D5DBCC90057B1D6 /* BWPureCodeController.h */ = {isa = PBXFileReference; fileEncoding = 4; lastKnownFileType = sourcecode.c.h; path = BWPureCodeController.h; sourceTree = "<group>"; };
		B480AE171D5DBCC90057B1D6 /* BWPureCodeController.m */ = {isa = PBXFileReference; fileEncoding = 4; lastKnownFileType = sourcecode.c.objc; path = BWPureCodeController.m; sourceTree = "<group>"; };
		B480AE191D5DBCE90057B1D6 /* BWXibController.h */ = {isa = PBXFileReference; fileEncoding = 4; lastKnownFileType = sourcecode.c.h; path = BWXibController.h; sourceTree = "<group>"; };
		B480AE1A1D5DBCE90057B1D6 /* BWXibController.m */ = {isa = PBXFileReference; fileEncoding = 4; lastKnownFileType = sourcecode.c.objc; path = BWXibController.m; sourceTree = "<group>"; };
		B480AE1C1D5DBD010057B1D6 /* BWStoryboardController.h */ = {isa = PBXFileReference; fileEncoding = 4; lastKnownFileType = sourcecode.c.h; path = BWStoryboardController.h; sourceTree = "<group>"; };
		B480AE1D1D5DBD010057B1D6 /* BWStoryboardController.m */ = {isa = PBXFileReference; fileEncoding = 4; lastKnownFileType = sourcecode.c.objc; path = BWStoryboardController.m; sourceTree = "<group>"; };
		B480AE1F1D5DBD2C0057B1D6 /* BWHTMLAppController.h */ = {isa = PBXFileReference; fileEncoding = 4; lastKnownFileType = sourcecode.c.h; path = BWHTMLAppController.h; sourceTree = "<group>"; };
		B480AE201D5DBD2C0057B1D6 /* BWHTMLAppController.m */ = {isa = PBXFileReference; fileEncoding = 4; lastKnownFileType = sourcecode.c.objc; path = BWHTMLAppController.m; sourceTree = "<group>"; };
		B480AE221D5DBD580057B1D6 /* BWJavaScriptEditNativeController.h */ = {isa = PBXFileReference; fileEncoding = 4; lastKnownFileType = sourcecode.c.h; path = BWJavaScriptEditNativeController.h; sourceTree = "<group>"; };
		B480AE231D5DBD580057B1D6 /* BWJavaScriptEditNativeController.m */ = {isa = PBXFileReference; fileEncoding = 4; lastKnownFileType = sourcecode.c.objc; path = BWJavaScriptEditNativeController.m; sourceTree = "<group>"; };
		B480AE251D5DCD710057B1D6 /* BWUserInterface.pch */ = {isa = PBXFileReference; lastKnownFileType = sourcecode.c.h; path = BWUserInterface.pch; sourceTree = "<group>"; };
		B480AE271D5DCDD20057B1D6 /* UIView+BWAdd.h */ = {isa = PBXFileReference; fileEncoding = 4; lastKnownFileType = sourcecode.c.h; path = "UIView+BWAdd.h"; sourceTree = "<group>"; };
		B480AE281D5DCDD20057B1D6 /* UIView+BWAdd.m */ = {isa = PBXFileReference; fileEncoding = 4; lastKnownFileType = sourcecode.c.objc; path = "UIView+BWAdd.m"; sourceTree = "<group>"; };
		B480AE2A1D5DCE030057B1D6 /* BWCategory.h */ = {isa = PBXFileReference; lastKnownFileType = sourcecode.c.h; path = BWCategory.h; sourceTree = "<group>"; };
/* End PBXFileReference section */

/* Begin PBXFrameworksBuildPhase section */
		212F50C41D40A65E001CBA91 /* Frameworks */ = {
			isa = PBXFrameworksBuildPhase;
			buildActionMask = 2147483647;
			files = (
				54E37811F1C1CDE453978C69 /* libPods-BWUserInterface.a in Frameworks */,
			);
			runOnlyForDeploymentPostprocessing = 0;
		};
		212F50DD1D40A65E001CBA91 /* Frameworks */ = {
			isa = PBXFrameworksBuildPhase;
			buildActionMask = 2147483647;
			files = (
			);
			runOnlyForDeploymentPostprocessing = 0;
		};
		212F50E81D40A65E001CBA91 /* Frameworks */ = {
			isa = PBXFrameworksBuildPhase;
			buildActionMask = 2147483647;
			files = (
			);
			runOnlyForDeploymentPostprocessing = 0;
		};
/* End PBXFrameworksBuildPhase section */

/* Begin PBXGroup section */
		0445A281A0566225508D5D04 /* Pods */ = {
			isa = PBXGroup;
			children = (
				7111F1E7F9E38319E4E68053 /* Pods-BWUserInterface.debug.xcconfig */,
				4C78B3DE4C334D4E3A053690 /* Pods-BWUserInterface.release.xcconfig */,
			);
			name = Pods;
			sourceTree = "<group>";
		};
		212F50BE1D40A65D001CBA91 = {
			isa = PBXGroup;
			children = (
				212F50C91D40A65E001CBA91 /* BWUserInterface */,
				212F50E31D40A65E001CBA91 /* BWUserInterfaceTests */,
				212F50EE1D40A65E001CBA91 /* BWUserInterfaceUITests */,
				212F50C81D40A65E001CBA91 /* Products */,
				0445A281A0566225508D5D04 /* Pods */,
				3C4593B7957EBB439A57D515 /* Frameworks */,
			);
			sourceTree = "<group>";
		};
		212F50C81D40A65E001CBA91 /* Products */ = {
			isa = PBXGroup;
			children = (
				212F50C71D40A65E001CBA91 /* BWUserInterface.app */,
				212F50E01D40A65E001CBA91 /* BWUserInterfaceTests.xctest */,
				212F50EB1D40A65E001CBA91 /* BWUserInterfaceUITests.xctest */,
			);
			name = Products;
			sourceTree = "<group>";
		};
		212F50C91D40A65E001CBA91 /* BWUserInterface */ = {
			isa = PBXGroup;
			children = (
				212F50CD1D40A65E001CBA91 /* AppDelegate.h */,
				212F50CE1D40A65E001CBA91 /* AppDelegate.m */,
				B443A1661D5476E7003D66C5 /* Main.storyboard */,
				B4727B3C1D62BE5200304252 /* Global */,
				B480ADE31D5DB6AA0057B1D6 /* ViewController */,
				B480AE261D5DCD9A0057B1D6 /* Category */,
				B470C53C1D615A62007E0F0E /* Common */,
				212F50D61D40A65E001CBA91 /* Assets.xcassets */,
				212F50CA1D40A65E001CBA91 /* Supporting Files */,
			);
			path = BWUserInterface;
			sourceTree = "<group>";
		};
		212F50CA1D40A65E001CBA91 /* Supporting Files */ = {
			isa = PBXGroup;
			children = (
				B45951A71D59747500EB6E1B /* README.md */,
				212F50CB1D40A65E001CBA91 /* main.m */,
				212F50DB1D40A65E001CBA91 /* Info.plist */,
				B480AE251D5DCD710057B1D6 /* BWUserInterface.pch */,
				212F50D81D40A65E001CBA91 /* LaunchScreen.storyboard */,
			);
			name = "Supporting Files";
			sourceTree = "<group>";
		};
		212F50E31D40A65E001CBA91 /* BWUserInterfaceTests */ = {
			isa = PBXGroup;
			children = (
				212F50E41D40A65E001CBA91 /* BWUserInterfaceTests.m */,
				212F50E61D40A65E001CBA91 /* Info.plist */,
			);
			path = BWUserInterfaceTests;
			sourceTree = "<group>";
		};
		212F50EE1D40A65E001CBA91 /* BWUserInterfaceUITests */ = {
			isa = PBXGroup;
			children = (
				212F50EF1D40A65E001CBA91 /* BWUserInterfaceUITests.m */,
				212F50F11D40A65E001CBA91 /* Info.plist */,
			);
			path = BWUserInterfaceUITests;
			sourceTree = "<group>";
		};
		3C4593B7957EBB439A57D515 /* Frameworks */ = {
			isa = PBXGroup;
			children = (
				A42971F9B96251D62AB14EA3 /* libPods-BWUserInterface.a */,
				8F67FF8CBE65CBFEC03CCC6F /* libPods-BWUserInterfaceTests.a */,
				187B1ED9BC55EDD997DE72C5 /* libPods-BWUserInterfaceUITests.a */,
			);
			name = Frameworks;
			sourceTree = "<group>";
		};
		B470C53C1D615A62007E0F0E /* Common */ = {
			isa = PBXGroup;
			children = (
				B470C53D1D615B82007E0F0E /* BWMacroDefinition.h */,
			);
			path = Common;
			sourceTree = "<group>";
		};
		B470C5401D616DDB007E0F0E /* XibView */ = {
			isa = PBXGroup;
			children = (
				B470C54A1D616F4B007E0F0E /* BWXibViewController.h */,
				B470C54B1D616F4B007E0F0E /* BWXibViewController.m */,
				B470C54C1D616F4B007E0F0E /* BWXibViewController.xib */,
				B470C54F1D61A3A4007E0F0E /* View */,
			);
			path = XibView;
			sourceTree = "<group>";
		};
		B470C5411D616DDB007E0F0E /* XibViewController */ = {
			isa = PBXGroup;
			children = (
				B470C5451D616E59007E0F0E /* BWXibVCViewController.h */,
				B470C5461D616E59007E0F0E /* BWXibVCViewController.m */,
				B470C5471D616E59007E0F0E /* BWXibVCViewController.xib */,
			);
			path = XibViewController;
			sourceTree = "<group>";
		};
		B470C54F1D61A3A4007E0F0E /* View */ = {
			isa = PBXGroup;
			children = (
				B470C5551D61A54F007E0F0E /* BWCustomView0 */,
				B470C5591D61A54F007E0F0E /* BWCustomView1 */,
			);
			path = View;
			sourceTree = "<group>";
		};
		B470C5551D61A54F007E0F0E /* BWCustomView0 */ = {
			isa = PBXGroup;
			children = (
				B470C5561D61A54F007E0F0E /* BWCustomView0.h */,
				B470C5571D61A54F007E0F0E /* BWCustomView0.m */,
				B470C5581D61A54F007E0F0E /* BWCustomView0.xib */,
			);
			path = BWCustomView0;
			sourceTree = "<group>";
		};
		B470C5591D61A54F007E0F0E /* BWCustomView1 */ = {
			isa = PBXGroup;
			children = (
				B470C55C1D61A55F007E0F0E /* BWCustomView1.h */,
				B470C55D1D61A55F007E0F0E /* BWCustomView1.m */,
				B470C55F1D61A56A007E0F0E /* BWCustomView1.xib */,
			);
			path = BWCustomView1;
			sourceTree = "<group>";
		};
		B470C5611D61BB2C007E0F0E /* Constraints */ = {
			isa = PBXGroup;
			children = (
				B470C5661D61BBF6007E0F0E /* BWConstraintsController.h */,
				B470C5671D61BBF6007E0F0E /* BWConstraintsController.m */,
			);
			path = Constraints;
			sourceTree = "<group>";
		};
		B470C5621D61BB2C007E0F0E /* Frame */ = {
			isa = PBXGroup;
			children = (
				B470C5631D61BBD8007E0F0E /* BWFrameController.h */,
				B470C5641D61BBD8007E0F0E /* BWFrameController.m */,
			);
			path = Frame;
			sourceTree = "<group>";
		};
		B4727B3C1D62BE5200304252 /* Global */ = {
			isa = PBXGroup;
			children = (
				B4727B3D1D62BEAA00304252 /* BWGlobal.h */,
				B4727B3E1D62BEAA00304252 /* BWGlobal.m */,
			);
			path = Global;
			sourceTree = "<group>";
		};
		B4727B401D62FB8900304252 /* ProjectDevelopment */ = {
			isa = PBXGroup;
			children = (
				B4727B461D62FDE000304252 /* BWProjectDevelopmentController.h */,
				B4727B471D62FDE000304252 /* BWProjectDevelopmentController.m */,
				B4727B431D62FC5300304252 /* PureCode */,
				B4727B451D62FC5300304252 /* Xib */,
				B4727B441D62FC5300304252 /* Storyboard */,
				B4727B411D62FC5300304252 /* HTML */,
				B4727B421D62FC5300304252 /* JavaScriptEditNative */,
			);
			path = ProjectDevelopment;
			sourceTree = "<group>";
		};
		B4727B411D62FC5300304252 /* HTML */ = {
			isa = PBXGroup;
			children = (
			);
			path = HTML;
			sourceTree = "<group>";
		};
		B4727B421D62FC5300304252 /* JavaScriptEditNative */ = {
			isa = PBXGroup;
			children = (
			);
			path = JavaScriptEditNative;
			sourceTree = "<group>";
		};
		B4727B431D62FC5300304252 /* PureCode */ = {
			isa = PBXGroup;
			children = (
				B4727B491D62FE1000304252 /* BWPDPureCodeController.h */,
				B4727B4A1D62FE1000304252 /* BWPDPureCodeController.m */,
			);
			path = PureCode;
			sourceTree = "<group>";
		};
		B4727B441D62FC5300304252 /* Storyboard */ = {
			isa = PBXGroup;
			children = (
			);
			path = Storyboard;
			sourceTree = "<group>";
		};
		B4727B451D62FC5300304252 /* Xib */ = {
			isa = PBXGroup;
			children = (
			);
			path = Xib;
			sourceTree = "<group>";
		};
		B480ADE31D5DB6AA0057B1D6 /* ViewController */ = {
			isa = PBXGroup;
			children = (
				B480ADE51D5DB6AA0057B1D6 /* BaseViewController */,
				B480ADE71D5DB6AA0057B1D6 /* Home */,
				B4727B401D62FB8900304252 /* ProjectDevelopment */,
				B480AE091D5DB90C0057B1D6 /* EditInterfaceWays */,
				B480AE0A1D5DB90C0057B1D6 /* LayoutWays */,
				B480ADE41D5DB6AA0057B1D6 /* Animation */,
				B480ADE61D5DB6AA0057B1D6 /* ComputerGraphics */,
				B480ADF91D5DB8460057B1D6 /* PrincipleAndMechanism */,
				B480ADE91D5DB6AA0057B1D6 /* UI Components */,
				B480ADEA1D5DB6AA0057B1D6 /* UI Utility Function */,
			);
			path = ViewController;
			sourceTree = "<group>";
		};
		B480ADE41D5DB6AA0057B1D6 /* Animation */ = {
			isa = PBXGroup;
			children = (
				B480ADF31D5DB80D0057B1D6 /* BWAnimationController.h */,
				B480ADF41D5DB80D0057B1D6 /* BWAnimationController.m */,
			);
			path = Animation;
			sourceTree = "<group>";
		};
		B480ADE51D5DB6AA0057B1D6 /* BaseViewController */ = {
			isa = PBXGroup;
			children = (
				B480ADED1D5DB7A50057B1D6 /* BWBaseViewController.h */,
				B480ADEE1D5DB7A50057B1D6 /* BWBaseViewController.m */,
			);
			path = BaseViewController;
			sourceTree = "<group>";
		};
		B480ADE61D5DB6AA0057B1D6 /* ComputerGraphics */ = {
			isa = PBXGroup;
			children = (
				B480ADF61D5DB8230057B1D6 /* BWComputerGraphicsController.h */,
				B480ADF71D5DB8230057B1D6 /* BWComputerGraphicsController.m */,
			);
			path = ComputerGraphics;
			sourceTree = "<group>";
		};
		B480ADE71D5DB6AA0057B1D6 /* Home */ = {
			isa = PBXGroup;
			children = (
				B480ADF01D5DB8010057B1D6 /* BWHomeController.h */,
				B480ADF11D5DB8010057B1D6 /* BWHomeController.m */,
			);
			path = Home;
			sourceTree = "<group>";
		};
		B480ADE91D5DB6AA0057B1D6 /* UI Components */ = {
			isa = PBXGroup;
			children = (
				B480ADFD1D5DB86B0057B1D6 /* BWUIComponentsController.h */,
				B480ADFE1D5DB86B0057B1D6 /* BWUIComponentsController.m */,
			);
			path = "UI Components";
			sourceTree = "<group>";
		};
		B480ADEA1D5DB6AA0057B1D6 /* UI Utility Function */ = {
			isa = PBXGroup;
			children = (
				B480AE001D5DB8810057B1D6 /* BWUIUtilityFunctionController.h */,
				B480AE011D5DB8810057B1D6 /* BWUIUtilityFunctionController.m */,
			);
			path = "UI Utility Function";
			sourceTree = "<group>";
		};
		B480ADF91D5DB8460057B1D6 /* PrincipleAndMechanism */ = {
			isa = PBXGroup;
			children = (
				B480ADFA1D5DB8580057B1D6 /* BWPrincipleMechanismController.h */,
				B480ADFB1D5DB8580057B1D6 /* BWPrincipleMechanismController.m */,
			);
			path = PrincipleAndMechanism;
			sourceTree = "<group>";
		};
		B480AE091D5DB90C0057B1D6 /* EditInterfaceWays */ = {
			isa = PBXGroup;
			children = (
				B480AE0E1D5DB92D0057B1D6 /* BWEditInterfaceWaysController.h */,
				B480AE0F1D5DB92D0057B1D6 /* BWEditInterfaceWaysController.m */,
				B480AE131D5DBBDC0057B1D6 /* PureCode */,
				B480AE151D5DBBDC0057B1D6 /* Xib */,
				B480AE141D5DBBDC0057B1D6 /* Storyboard */,
				B480AE121D5DBBDC0057B1D6 /* JavaScriptEditNative */,
				B480AE111D5DBBDC0057B1D6 /* HTML */,
			);
			path = EditInterfaceWays;
			sourceTree = "<group>";
		};
		B480AE0A1D5DB90C0057B1D6 /* LayoutWays */ = {
			isa = PBXGroup;
			children = (
				B480AE0B1D5DB90C0057B1D6 /* BWLayoutWaysController.h */,
				B480AE0C1D5DB90C0057B1D6 /* BWLayoutWaysController.m */,
				B470C5621D61BB2C007E0F0E /* Frame */,
				B470C5611D61BB2C007E0F0E /* Constraints */,
			);
			path = LayoutWays;
			sourceTree = "<group>";
		};
		B480AE111D5DBBDC0057B1D6 /* HTML */ = {
			isa = PBXGroup;
			children = (
				B480AE1F1D5DBD2C0057B1D6 /* BWHTMLAppController.h */,
				B480AE201D5DBD2C0057B1D6 /* BWHTMLAppController.m */,
			);
			path = HTML;
			sourceTree = "<group>";
		};
		B480AE121D5DBBDC0057B1D6 /* JavaScriptEditNative */ = {
			isa = PBXGroup;
			children = (
				B480AE221D5DBD580057B1D6 /* BWJavaScriptEditNativeController.h */,
				B480AE231D5DBD580057B1D6 /* BWJavaScriptEditNativeController.m */,
			);
			path = JavaScriptEditNative;
			sourceTree = "<group>";
		};
		B480AE131D5DBBDC0057B1D6 /* PureCode */ = {
			isa = PBXGroup;
			children = (
				B480AE161D5DBCC90057B1D6 /* BWPureCodeController.h */,
				B480AE171D5DBCC90057B1D6 /* BWPureCodeController.m */,
			);
			path = PureCode;
			sourceTree = "<group>";
		};
		B480AE141D5DBBDC0057B1D6 /* Storyboard */ = {
			isa = PBXGroup;
			children = (
				B480AE1C1D5DBD010057B1D6 /* BWStoryboardController.h */,
				B480AE1D1D5DBD010057B1D6 /* BWStoryboardController.m */,
			);
			path = Storyboard;
			sourceTree = "<group>";
		};
		B480AE151D5DBBDC0057B1D6 /* Xib */ = {
			isa = PBXGroup;
			children = (
				B480AE191D5DBCE90057B1D6 /* BWXibController.h */,
				B480AE1A1D5DBCE90057B1D6 /* BWXibController.m */,
				B470C5411D616DDB007E0F0E /* XibViewController */,
				B470C5401D616DDB007E0F0E /* XibView */,
			);
			path = Xib;
			sourceTree = "<group>";
		};
		B480AE261D5DCD9A0057B1D6 /* Category */ = {
			isa = PBXGroup;
			children = (
				B480AE2A1D5DCE030057B1D6 /* BWCategory.h */,
				B480AE271D5DCDD20057B1D6 /* UIView+BWAdd.h */,
				B480AE281D5DCDD20057B1D6 /* UIView+BWAdd.m */,
				B4727B391D62B4E900304252 /* UILabel+BWAdd.h */,
				B4727B3A1D62B4E900304252 /* UILabel+BWAdd.m */,
			);
			path = Category;
			sourceTree = "<group>";
		};
/* End PBXGroup section */

/* Begin PBXNativeTarget section */
		212F50C61D40A65E001CBA91 /* BWUserInterface */ = {
			isa = PBXNativeTarget;
			buildConfigurationList = 212F50F41D40A65E001CBA91 /* Build configuration list for PBXNativeTarget "BWUserInterface" */;
			buildPhases = (
				CEBD5FD5614B409D95842B88 /* [CP] Check Pods Manifest.lock */,
				212F50C31D40A65E001CBA91 /* Sources */,
				212F50C41D40A65E001CBA91 /* Frameworks */,
				212F50C51D40A65E001CBA91 /* Resources */,
				87D5B77E89BA934DBD1B74F8 /* [CP] Embed Pods Frameworks */,
				2532E348B79F4D9D23CCA614 /* [CP] Copy Pods Resources */,
			);
			buildRules = (
			);
			dependencies = (
			);
			name = BWUserInterface;
			productName = BWUserInterface;
			productReference = 212F50C71D40A65E001CBA91 /* BWUserInterface.app */;
			productType = "com.apple.product-type.application";
		};
		212F50DF1D40A65E001CBA91 /* BWUserInterfaceTests */ = {
			isa = PBXNativeTarget;
			buildConfigurationList = 212F50F71D40A65E001CBA91 /* Build configuration list for PBXNativeTarget "BWUserInterfaceTests" */;
			buildPhases = (
				7D6A892B46191D06D1F8CB91 /* [CP] Check Pods Manifest.lock */,
				212F50DC1D40A65E001CBA91 /* Sources */,
				212F50DD1D40A65E001CBA91 /* Frameworks */,
				212F50DE1D40A65E001CBA91 /* Resources */,
				B2EB9BC1B71D3CED9388C9D4 /* [CP] Embed Pods Frameworks */,
				342E11A7076B12B4332748DD /* [CP] Copy Pods Resources */,
			);
			buildRules = (
			);
			dependencies = (
				212F50E21D40A65E001CBA91 /* PBXTargetDependency */,
			);
			name = BWUserInterfaceTests;
			productName = BWUserInterfaceTests;
			productReference = 212F50E01D40A65E001CBA91 /* BWUserInterfaceTests.xctest */;
			productType = "com.apple.product-type.bundle.unit-test";
		};
		212F50EA1D40A65E001CBA91 /* BWUserInterfaceUITests */ = {
			isa = PBXNativeTarget;
			buildConfigurationList = 212F50FA1D40A65E001CBA91 /* Build configuration list for PBXNativeTarget "BWUserInterfaceUITests" */;
			buildPhases = (
				C3FD3893EFF2920270CDFFAD /* [CP] Check Pods Manifest.lock */,
				212F50E71D40A65E001CBA91 /* Sources */,
				212F50E81D40A65E001CBA91 /* Frameworks */,
				212F50E91D40A65E001CBA91 /* Resources */,
				48F8F064A941B5AEF26FFC43 /* [CP] Copy Pods Resources */,
			);
			buildRules = (
			);
			dependencies = (
				212F50ED1D40A65E001CBA91 /* PBXTargetDependency */,
			);
			name = BWUserInterfaceUITests;
			productName = BWUserInterfaceUITests;
			productReference = 212F50EB1D40A65E001CBA91 /* BWUserInterfaceUITests.xctest */;
			productType = "com.apple.product-type.bundle.ui-testing";
		};
/* End PBXNativeTarget section */

/* Begin PBXProject section */
		212F50BF1D40A65D001CBA91 /* Project object */ = {
			isa = PBXProject;
			attributes = {
				LastUpgradeCheck = 0730;
				ORGANIZATIONNAME = "Bob Wong Studio";
				TargetAttributes = {
					212F50C61D40A65E001CBA91 = {
						CreatedOnToolsVersion = 7.3;
					};
					212F50DF1D40A65E001CBA91 = {
						CreatedOnToolsVersion = 7.3;
						TestTargetID = 212F50C61D40A65E001CBA91;
					};
					212F50EA1D40A65E001CBA91 = {
						CreatedOnToolsVersion = 7.3;
						TestTargetID = 212F50C61D40A65E001CBA91;
					};
				};
			};
			buildConfigurationList = 212F50C21D40A65D001CBA91 /* Build configuration list for PBXProject "BWUserInterface" */;
			compatibilityVersion = "Xcode 3.2";
			developmentRegion = English;
			hasScannedForEncodings = 0;
			knownRegions = (
				en,
				Base,
			);
			mainGroup = 212F50BE1D40A65D001CBA91;
			productRefGroup = 212F50C81D40A65E001CBA91 /* Products */;
			projectDirPath = "";
			projectRoot = "";
			targets = (
				212F50C61D40A65E001CBA91 /* BWUserInterface */,
				212F50DF1D40A65E001CBA91 /* BWUserInterfaceTests */,
				212F50EA1D40A65E001CBA91 /* BWUserInterfaceUITests */,
			);
		};
/* End PBXProject section */

/* Begin PBXResourcesBuildPhase section */
		212F50C51D40A65E001CBA91 /* Resources */ = {
			isa = PBXResourcesBuildPhase;
			buildActionMask = 2147483647;
			files = (
				212F50DA1D40A65E001CBA91 /* LaunchScreen.storyboard in Resources */,
				212F50D71D40A65E001CBA91 /* Assets.xcassets in Resources */,
				B470C54E1D616F4B007E0F0E /* BWXibViewController.xib in Resources */,
				B470C5491D616E59007E0F0E /* BWXibVCViewController.xib in Resources */,
				B443A1671D5476E7003D66C5 /* Main.storyboard in Resources */,
				B470C55B1D61A54F007E0F0E /* BWCustomView0.xib in Resources */,
				B470C5601D61A56A007E0F0E /* BWCustomView1.xib in Resources */,
			);
			runOnlyForDeploymentPostprocessing = 0;
		};
		212F50DE1D40A65E001CBA91 /* Resources */ = {
			isa = PBXResourcesBuildPhase;
			buildActionMask = 2147483647;
			files = (
			);
			runOnlyForDeploymentPostprocessing = 0;
		};
		212F50E91D40A65E001CBA91 /* Resources */ = {
			isa = PBXResourcesBuildPhase;
			buildActionMask = 2147483647;
			files = (
			);
			runOnlyForDeploymentPostprocessing = 0;
		};
/* End PBXResourcesBuildPhase section */

/* Begin PBXShellScriptBuildPhase section */
		2532E348B79F4D9D23CCA614 /* [CP] Copy Pods Resources */ = {
			isa = PBXShellScriptBuildPhase;
			buildActionMask = 2147483647;
			files = (
			);
			inputPaths = (
			);
			name = "[CP] Copy Pods Resources";
			outputPaths = (
			);
			runOnlyForDeploymentPostprocessing = 0;
			shellPath = /bin/sh;
			shellScript = "\"${SRCROOT}/Pods/Target Support Files/Pods-BWUserInterface/Pods-BWUserInterface-resources.sh\"\n";
			showEnvVarsInLog = 0;
		};
		342E11A7076B12B4332748DD /* [CP] Copy Pods Resources */ = {
			isa = PBXShellScriptBuildPhase;
			buildActionMask = 2147483647;
			files = (
			);
			inputPaths = (
			);
			name = "[CP] Copy Pods Resources";
			outputPaths = (
			);
			runOnlyForDeploymentPostprocessing = 0;
			shellPath = /bin/sh;
			shellScript = "\"${SRCROOT}/Pods/Target Support Files/Pods-BWUserInterfaceTests/Pods-BWUserInterfaceTests-resources.sh\"\n";
			showEnvVarsInLog = 0;
		};
		48F8F064A941B5AEF26FFC43 /* [CP] Copy Pods Resources */ = {
			isa = PBXShellScriptBuildPhase;
			buildActionMask = 2147483647;
			files = (
			);
			inputPaths = (
			);
			name = "[CP] Copy Pods Resources";
			outputPaths = (
			);
			runOnlyForDeploymentPostprocessing = 0;
			shellPath = /bin/sh;
			shellScript = "\"${SRCROOT}/Pods/Target Support Files/Pods-BWUserInterfaceUITests/Pods-BWUserInterfaceUITests-resources.sh\"\n";
			showEnvVarsInLog = 0;
		};
		7D6A892B46191D06D1F8CB91 /* [CP] Check Pods Manifest.lock */ = {
			isa = PBXShellScriptBuildPhase;
			buildActionMask = 2147483647;
			files = (
			);
			inputPaths = (
			);
			name = "[CP] Check Pods Manifest.lock";
			outputPaths = (
			);
			runOnlyForDeploymentPostprocessing = 0;
			shellPath = /bin/sh;
			shellScript = "diff \"${PODS_ROOT}/../Podfile.lock\" \"${PODS_ROOT}/Manifest.lock\" > /dev/null\nif [[ $? != 0 ]] ; then\n    cat << EOM\nerror: The sandbox is not in sync with the Podfile.lock. Run 'pod install' or update your CocoaPods installation.\nEOM\n    exit 1\nfi\n";
			showEnvVarsInLog = 0;
		};
		87D5B77E89BA934DBD1B74F8 /* [CP] Embed Pods Frameworks */ = {
			isa = PBXShellScriptBuildPhase;
			buildActionMask = 2147483647;
			files = (
			);
			inputPaths = (
			);
			name = "[CP] Embed Pods Frameworks";
			outputPaths = (
			);
			runOnlyForDeploymentPostprocessing = 0;
			shellPath = /bin/sh;
			shellScript = "\"${SRCROOT}/Pods/Target Support Files/Pods-BWUserInterface/Pods-BWUserInterface-frameworks.sh\"\n";
			showEnvVarsInLog = 0;
		};
		B2EB9BC1B71D3CED9388C9D4 /* [CP] Embed Pods Frameworks */ = {
			isa = PBXShellScriptBuildPhase;
			buildActionMask = 2147483647;
			files = (
			);
			inputPaths = (
			);
			name = "[CP] Embed Pods Frameworks";
			outputPaths = (
			);
			runOnlyForDeploymentPostprocessing = 0;
			shellPath = /bin/sh;
			shellScript = "\"${SRCROOT}/Pods/Target Support Files/Pods-BWUserInterfaceTests/Pods-BWUserInterfaceTests-frameworks.sh\"\n";
			showEnvVarsInLog = 0;
		};
		C3FD3893EFF2920270CDFFAD /* [CP] Check Pods Manifest.lock */ = {
			isa = PBXShellScriptBuildPhase;
			buildActionMask = 2147483647;
			files = (
			);
			inputPaths = (
			);
			name = "[CP] Check Pods Manifest.lock";
			outputPaths = (
			);
			runOnlyForDeploymentPostprocessing = 0;
			shellPath = /bin/sh;
			shellScript = "diff \"${PODS_ROOT}/../Podfile.lock\" \"${PODS_ROOT}/Manifest.lock\" > /dev/null\nif [[ $? != 0 ]] ; then\n    cat << EOM\nerror: The sandbox is not in sync with the Podfile.lock. Run 'pod install' or update your CocoaPods installation.\nEOM\n    exit 1\nfi\n";
			showEnvVarsInLog = 0;
		};
		CEBD5FD5614B409D95842B88 /* [CP] Check Pods Manifest.lock */ = {
			isa = PBXShellScriptBuildPhase;
			buildActionMask = 2147483647;
			files = (
			);
			inputPaths = (
			);
			name = "[CP] Check Pods Manifest.lock";
			outputPaths = (
			);
			runOnlyForDeploymentPostprocessing = 0;
			shellPath = /bin/sh;
			shellScript = "diff \"${PODS_ROOT}/../Podfile.lock\" \"${PODS_ROOT}/Manifest.lock\" > /dev/null\nif [[ $? != 0 ]] ; then\n    cat << EOM\nerror: The sandbox is not in sync with the Podfile.lock. Run 'pod install' or update your CocoaPods installation.\nEOM\n    exit 1\nfi\n";
			showEnvVarsInLog = 0;
		};
/* End PBXShellScriptBuildPhase section */

/* Begin PBXSourcesBuildPhase section */
		212F50C31D40A65E001CBA91 /* Sources */ = {
			isa = PBXSourcesBuildPhase;
			buildActionMask = 2147483647;
			files = (
				B4727B481D62FDE000304252 /* BWProjectDevelopmentController.m in Sources */,
				B480ADEF1D5DB7A50057B1D6 /* BWBaseViewController.m in Sources */,
				B470C5651D61BBD8007E0F0E /* BWFrameController.m in Sources */,
				B4727B4B1D62FE1000304252 /* BWPDPureCodeController.m in Sources */,
				B470C5481D616E59007E0F0E /* BWXibVCViewController.m in Sources */,
				B480ADF81D5DB8230057B1D6 /* BWComputerGraphicsController.m in Sources */,
				212F50CF1D40A65E001CBA91 /* AppDelegate.m in Sources */,
				B480AE291D5DCDD20057B1D6 /* UIView+BWAdd.m in Sources */,
				B480AE241D5DBD580057B1D6 /* BWJavaScriptEditNativeController.m in Sources */,
				B480AE211D5DBD2C0057B1D6 /* BWHTMLAppController.m in Sources */,
				B480AE021D5DB8810057B1D6 /* BWUIUtilityFunctionController.m in Sources */,
				B470C5681D61BBF6007E0F0E /* BWConstraintsController.m in Sources */,
				B480ADF21D5DB8010057B1D6 /* BWHomeController.m in Sources */,
				B45951A81D59747500EB6E1B /* README.md in Sources */,
				212F50CC1D40A65E001CBA91 /* main.m in Sources */,
				B470C54D1D616F4B007E0F0E /* BWXibViewController.m in Sources */,
				B470C55E1D61A55F007E0F0E /* BWCustomView1.m in Sources */,
				B4727B3B1D62B4E900304252 /* UILabel+BWAdd.m in Sources */,
				B480ADFC1D5DB8580057B1D6 /* BWPrincipleMechanismController.m in Sources */,
				B4727B3F1D62BEAA00304252 /* BWGlobal.m in Sources */,
				B480ADF51D5DB80D0057B1D6 /* BWAnimationController.m in Sources */,
				B480AE181D5DBCC90057B1D6 /* BWPureCodeController.m in Sources */,
				B480AE0D1D5DB90C0057B1D6 /* BWLayoutWaysController.m in Sources */,
				B480AE1E1D5DBD010057B1D6 /* BWStoryboardController.m in Sources */,
				B480AE101D5DB92D0057B1D6 /* BWEditInterfaceWaysController.m in Sources */,
				B470C55A1D61A54F007E0F0E /* BWCustomView0.m in Sources */,
				B480AE1B1D5DBCE90057B1D6 /* BWXibController.m in Sources */,
				B480ADFF1D5DB86B0057B1D6 /* BWUIComponentsController.m in Sources */,
			);
			runOnlyForDeploymentPostprocessing = 0;
		};
		212F50DC1D40A65E001CBA91 /* Sources */ = {
			isa = PBXSourcesBuildPhase;
			buildActionMask = 2147483647;
			files = (
				212F50E51D40A65E001CBA91 /* BWUserInterfaceTests.m in Sources */,
			);
			runOnlyForDeploymentPostprocessing = 0;
		};
		212F50E71D40A65E001CBA91 /* Sources */ = {
			isa = PBXSourcesBuildPhase;
			buildActionMask = 2147483647;
			files = (
				212F50F01D40A65E001CBA91 /* BWUserInterfaceUITests.m in Sources */,
			);
			runOnlyForDeploymentPostprocessing = 0;
		};
/* End PBXSourcesBuildPhase section */

/* Begin PBXTargetDependency section */
		212F50E21D40A65E001CBA91 /* PBXTargetDependency */ = {
			isa = PBXTargetDependency;
			target = 212F50C61D40A65E001CBA91 /* BWUserInterface */;
			targetProxy = 212F50E11D40A65E001CBA91 /* PBXContainerItemProxy */;
		};
		212F50ED1D40A65E001CBA91 /* PBXTargetDependency */ = {
			isa = PBXTargetDependency;
			target = 212F50C61D40A65E001CBA91 /* BWUserInterface */;
			targetProxy = 212F50EC1D40A65E001CBA91 /* PBXContainerItemProxy */;
		};
/* End PBXTargetDependency section */

/* Begin PBXVariantGroup section */
		212F50D81D40A65E001CBA91 /* LaunchScreen.storyboard */ = {
			isa = PBXVariantGroup;
			children = (
				212F50D91D40A65E001CBA91 /* Base */,
			);
			name = LaunchScreen.storyboard;
			sourceTree = "<group>";
		};
/* End PBXVariantGroup section */

/* Begin XCBuildConfiguration section */
		212F50F21D40A65E001CBA91 /* Debug */ = {
			isa = XCBuildConfiguration;
			buildSettings = {
				ALWAYS_SEARCH_USER_PATHS = NO;
				CLANG_ANALYZER_NONNULL = YES;
				CLANG_CXX_LANGUAGE_STANDARD = "gnu++0x";
				CLANG_CXX_LIBRARY = "libc++";
				CLANG_ENABLE_MODULES = YES;
				CLANG_ENABLE_OBJC_ARC = YES;
				CLANG_WARN_BOOL_CONVERSION = YES;
				CLANG_WARN_CONSTANT_CONVERSION = YES;
				CLANG_WARN_DIRECT_OBJC_ISA_USAGE = YES_ERROR;
				CLANG_WARN_EMPTY_BODY = YES;
				CLANG_WARN_ENUM_CONVERSION = YES;
				CLANG_WARN_INT_CONVERSION = YES;
				CLANG_WARN_OBJC_ROOT_CLASS = YES_ERROR;
				CLANG_WARN_UNREACHABLE_CODE = YES;
				CLANG_WARN__DUPLICATE_METHOD_MATCH = YES;
				"CODE_SIGN_IDENTITY[sdk=iphoneos*]" = "iPhone Developer";
				COPY_PHASE_STRIP = NO;
				DEBUG_INFORMATION_FORMAT = dwarf;
				ENABLE_STRICT_OBJC_MSGSEND = YES;
				ENABLE_TESTABILITY = YES;
				GCC_C_LANGUAGE_STANDARD = gnu99;
				GCC_DYNAMIC_NO_PIC = NO;
				GCC_NO_COMMON_BLOCKS = YES;
				GCC_OPTIMIZATION_LEVEL = 0;
				GCC_PREPROCESSOR_DEFINITIONS = (
					"DEBUG=1",
					"$(inherited)",
				);
				GCC_WARN_64_TO_32_BIT_CONVERSION = YES;
				GCC_WARN_ABOUT_RETURN_TYPE = YES_ERROR;
				GCC_WARN_UNDECLARED_SELECTOR = YES;
				GCC_WARN_UNINITIALIZED_AUTOS = YES_AGGRESSIVE;
				GCC_WARN_UNUSED_FUNCTION = YES;
				GCC_WARN_UNUSED_VARIABLE = YES;
				IPHONEOS_DEPLOYMENT_TARGET = 9.3;
				MTL_ENABLE_DEBUG_INFO = YES;
				ONLY_ACTIVE_ARCH = YES;
				SDKROOT = iphoneos;
			};
			name = Debug;
		};
		212F50F31D40A65E001CBA91 /* Release */ = {
			isa = XCBuildConfiguration;
			buildSettings = {
				ALWAYS_SEARCH_USER_PATHS = NO;
				CLANG_ANALYZER_NONNULL = YES;
				CLANG_CXX_LANGUAGE_STANDARD = "gnu++0x";
				CLANG_CXX_LIBRARY = "libc++";
				CLANG_ENABLE_MODULES = YES;
				CLANG_ENABLE_OBJC_ARC = YES;
				CLANG_WARN_BOOL_CONVERSION = YES;
				CLANG_WARN_CONSTANT_CONVERSION = YES;
				CLANG_WARN_DIRECT_OBJC_ISA_USAGE = YES_ERROR;
				CLANG_WARN_EMPTY_BODY = YES;
				CLANG_WARN_ENUM_CONVERSION = YES;
				CLANG_WARN_INT_CONVERSION = YES;
				CLANG_WARN_OBJC_ROOT_CLASS = YES_ERROR;
				CLANG_WARN_UNREACHABLE_CODE = YES;
				CLANG_WARN__DUPLICATE_METHOD_MATCH = YES;
				"CODE_SIGN_IDENTITY[sdk=iphoneos*]" = "iPhone Developer";
				COPY_PHASE_STRIP = NO;
				DEBUG_INFORMATION_FORMAT = "dwarf-with-dsym";
				ENABLE_NS_ASSERTIONS = NO;
				ENABLE_STRICT_OBJC_MSGSEND = YES;
				GCC_C_LANGUAGE_STANDARD = gnu99;
				GCC_NO_COMMON_BLOCKS = YES;
				GCC_WARN_64_TO_32_BIT_CONVERSION = YES;
				GCC_WARN_ABOUT_RETURN_TYPE = YES_ERROR;
				GCC_WARN_UNDECLARED_SELECTOR = YES;
				GCC_WARN_UNINITIALIZED_AUTOS = YES_AGGRESSIVE;
				GCC_WARN_UNUSED_FUNCTION = YES;
				GCC_WARN_UNUSED_VARIABLE = YES;
				IPHONEOS_DEPLOYMENT_TARGET = 9.3;
				MTL_ENABLE_DEBUG_INFO = NO;
				SDKROOT = iphoneos;
				VALIDATE_PRODUCT = YES;
			};
			name = Release;
		};
		212F50F51D40A65E001CBA91 /* Debug */ = {
			isa = XCBuildConfiguration;
			baseConfigurationReference = 7111F1E7F9E38319E4E68053 /* Pods-BWUserInterface.debug.xcconfig */;
			buildSettings = {
				ASSETCATALOG_COMPILER_APPICON_NAME = AppIcon;
				GCC_PREFIX_HEADER = BWUserInterface/BWUserInterface.pch;
				INFOPLIST_FILE = BWUserInterface/Info.plist;
				IPHONEOS_DEPLOYMENT_TARGET = 7.0;
				LD_RUNPATH_SEARCH_PATHS = "$(inherited) @executable_path/Frameworks";
				PRODUCT_BUNDLE_IDENTIFIER = com.bws.BWUserInterface;
				PRODUCT_NAME = "$(TARGET_NAME)";
			};
			name = Debug;
		};
		212F50F61D40A65E001CBA91 /* Release */ = {
			isa = XCBuildConfiguration;
			baseConfigurationReference = 4C78B3DE4C334D4E3A053690 /* Pods-BWUserInterface.release.xcconfig */;
			buildSettings = {
				ASSETCATALOG_COMPILER_APPICON_NAME = AppIcon;
				GCC_PREFIX_HEADER = BWUserInterface/BWUserInterface.pch;
				INFOPLIST_FILE = BWUserInterface/Info.plist;
				IPHONEOS_DEPLOYMENT_TARGET = 7.0;
				LD_RUNPATH_SEARCH_PATHS = "$(inherited) @executable_path/Frameworks";
				PRODUCT_BUNDLE_IDENTIFIER = com.bws.BWUserInterface;
				PRODUCT_NAME = "$(TARGET_NAME)";
			};
			name = Release;
		};
		212F50F81D40A65E001CBA91 /* Debug */ = {
			isa = XCBuildConfiguration;
			buildSettings = {
				BUNDLE_LOADER = "$(TEST_HOST)";
				INFOPLIST_FILE = BWUserInterfaceTests/Info.plist;
				LD_RUNPATH_SEARCH_PATHS = "$(inherited) @executable_path/Frameworks @loader_path/Frameworks";
				PRODUCT_BUNDLE_IDENTIFIER = com.bws.BWUserInterfaceTests;
				PRODUCT_NAME = "$(TARGET_NAME)";
				TEST_HOST = "$(BUILT_PRODUCTS_DIR)/BWUserInterface.app/BWUserInterface";
			};
			name = Debug;
		};
		212F50F91D40A65E001CBA91 /* Release */ = {
			isa = XCBuildConfiguration;
			buildSettings = {
				BUNDLE_LOADER = "$(TEST_HOST)";
				INFOPLIST_FILE = BWUserInterfaceTests/Info.plist;
				LD_RUNPATH_SEARCH_PATHS = "$(inherited) @executable_path/Frameworks @loader_path/Frameworks";
				PRODUCT_BUNDLE_IDENTIFIER = com.bws.BWUserInterfaceTests;
				PRODUCT_NAME = "$(TARGET_NAME)";
				TEST_HOST = "$(BUILT_PRODUCTS_DIR)/BWUserInterface.app/BWUserInterface";
			};
			name = Release;
		};
		212F50FB1D40A65E001CBA91 /* Debug */ = {
			isa = XCBuildConfiguration;
			buildSettings = {
				INFOPLIST_FILE = BWUserInterfaceUITests/Info.plist;
				LD_RUNPATH_SEARCH_PATHS = "$(inherited) @executable_path/Frameworks @loader_path/Frameworks";
				PRODUCT_BUNDLE_IDENTIFIER = com.bws.BWUserInterfaceUITests;
				PRODUCT_NAME = "$(TARGET_NAME)";
				TEST_TARGET_NAME = BWUserInterface;
			};
			name = Debug;
		};
		212F50FC1D40A65E001CBA91 /* Release */ = {
			isa = XCBuildConfiguration;
			buildSettings = {
				INFOPLIST_FILE = BWUserInterfaceUITests/Info.plist;
				LD_RUNPATH_SEARCH_PATHS = "$(inherited) @executable_path/Frameworks @loader_path/Frameworks";
				PRODUCT_BUNDLE_IDENTIFIER = com.bws.BWUserInterfaceUITests;
				PRODUCT_NAME = "$(TARGET_NAME)";
				TEST_TARGET_NAME = BWUserInterface;
			};
			name = Release;
		};
/* End XCBuildConfiguration section */

/* Begin XCConfigurationList section */
		212F50C21D40A65D001CBA91 /* Build configuration list for PBXProject "BWUserInterface" */ = {
			isa = XCConfigurationList;
			buildConfigurations = (
				212F50F21D40A65E001CBA91 /* Debug */,
				212F50F31D40A65E001CBA91 /* Release */,
			);
			defaultConfigurationIsVisible = 0;
			defaultConfigurationName = Release;
		};
		212F50F41D40A65E001CBA91 /* Build configuration list for PBXNativeTarget "BWUserInterface" */ = {
			isa = XCConfigurationList;
			buildConfigurations = (
				212F50F51D40A65E001CBA91 /* Debug */,
				212F50F61D40A65E001CBA91 /* Release */,
			);
			defaultConfigurationIsVisible = 0;
			defaultConfigurationName = Release;
		};
		212F50F71D40A65E001CBA91 /* Build configuration list for PBXNativeTarget "BWUserInterfaceTests" */ = {
			isa = XCConfigurationList;
			buildConfigurations = (
				212F50F81D40A65E001CBA91 /* Debug */,
				212F50F91D40A65E001CBA91 /* Release */,
			);
			defaultConfigurationIsVisible = 0;
			defaultConfigurationName = Release;
		};
		212F50FA1D40A65E001CBA91 /* Build configuration list for PBXNativeTarget "BWUserInterfaceUITests" */ = {
			isa = XCConfigurationList;
			buildConfigurations = (
				212F50FB1D40A65E001CBA91 /* Debug */,
				212F50FC1D40A65E001CBA91 /* Release */,
			);
			defaultConfigurationIsVisible = 0;
			defaultConfigurationName = Release;
		};
/* End XCConfigurationList section */
	};
	rootObject = 212F50BF1D40A65D001CBA91 /* Project object */;
}
